// !$*UTF8*$!
{
	archiveVersion = 1;
	classes = {
	};
	objectVersion = 46;
	objects = {

/* Begin PBXBuildFile section */
		D316A765190A71C1007E2610 /* CommLibiOS.a in Frameworks */ = {isa = PBXBuildFile; fileRef = D316A741190A71C1007E2610 /* CommLibiOS.a */; };
		D316A766190A71C1007E2610 /* CommLibiOS.a in Frameworks */ = {isa = PBXBuildFile; fileRef = D316A741190A71C1007E2610 /* CommLibiOS.a */; };
		D316A767190A71C1007E2610 /* CommLibiOS.a in Frameworks */ = {isa = PBXBuildFile; fileRef = D316A741190A71C1007E2610 /* CommLibiOS.a */; };
		D316A768190A71C2007E2610 /* Communication Library for iOS User Guide.pdf in Resources */ = {isa = PBXBuildFile; fileRef = D316A743190A71C1007E2610 /* Communication Library for iOS User Guide.pdf */; };
		D316A769190A71C2007E2610 /* Communication Library for iOS User Guide.pdf in Resources */ = {isa = PBXBuildFile; fileRef = D316A743190A71C1007E2610 /* Communication Library for iOS User Guide.pdf */; };
		D316A76A190A71C2007E2610 /* Communication Library for iOS User Guide.pdf in Resources */ = {isa = PBXBuildFile; fileRef = D316A743190A71C1007E2610 /* Communication Library for iOS User Guide.pdf */; };
		D316A76B190A71C2007E2610 /* WeborbClient Class Reference.odt in Resources */ = {isa = PBXBuildFile; fileRef = D316A744190A71C1007E2610 /* WeborbClient Class Reference.odt */; };
		D316A76C190A71C2007E2610 /* WeborbClient Class Reference.odt in Resources */ = {isa = PBXBuildFile; fileRef = D316A744190A71C1007E2610 /* WeborbClient Class Reference.odt */; };
		D316A76D190A71C2007E2610 /* WeborbClient Class Reference.odt in Resources */ = {isa = PBXBuildFile; fileRef = D316A744190A71C1007E2610 /* WeborbClient Class Reference.odt */; };
		D316A771190A71C2007E2610 /* Media Library for iOS User Guide.docx in Resources */ = {isa = PBXBuildFile; fileRef = D316A75C190A71C1007E2610 /* Media Library for iOS User Guide.docx */; };
		D316A772190A71C2007E2610 /* Media Library for iOS User Guide.docx in Resources */ = {isa = PBXBuildFile; fileRef = D316A75C190A71C1007E2610 /* Media Library for iOS User Guide.docx */; };
		D316A773190A71C2007E2610 /* Media Library for iOS User Guide.docx in Resources */ = {isa = PBXBuildFile; fileRef = D316A75C190A71C1007E2610 /* Media Library for iOS User Guide.docx */; };
		D316A774190A71C2007E2610 /* MediaLibiOS.a in Frameworks */ = {isa = PBXBuildFile; fileRef = D316A764190A71C1007E2610 /* MediaLibiOS.a */; };
		D316A775190A71C2007E2610 /* MediaLibiOS.a in Frameworks */ = {isa = PBXBuildFile; fileRef = D316A764190A71C1007E2610 /* MediaLibiOS.a */; };
		D316A776190A71C2007E2610 /* MediaLibiOS.a in Frameworks */ = {isa = PBXBuildFile; fileRef = D316A764190A71C1007E2610 /* MediaLibiOS.a */; };
		F97C89161705810B00F0B611 /* CoreData.framework in Frameworks */ = {isa = PBXBuildFile; fileRef = F97C8914170580EC00F0B611 /* CoreData.framework */; };
		F97C89171705811500F0B611 /* CoreData.framework in Frameworks */ = {isa = PBXBuildFile; fileRef = F97C8914170580EC00F0B611 /* CoreData.framework */; };
		F97C89181705811E00F0B611 /* CoreData.framework in Frameworks */ = {isa = PBXBuildFile; fileRef = F97C8914170580EC00F0B611 /* CoreData.framework */; };
		F97DF92B1B4147F200B310FB /* main.m in Sources */ = {isa = PBXBuildFile; fileRef = F97DF92A1B4147F200B310FB /* main.m */; };
		F97DF92E1B4147F200B310FB /* AppDelegate.m in Sources */ = {isa = PBXBuildFile; fileRef = F97DF92D1B4147F200B310FB /* AppDelegate.m */; };
		F97DF9311B4147F200B310FB /* ViewController.m in Sources */ = {isa = PBXBuildFile; fileRef = F97DF9301B4147F200B310FB /* ViewController.m */; };
		F97DF9341B4147F200B310FB /* Main.storyboard in Resources */ = {isa = PBXBuildFile; fileRef = F97DF9321B4147F200B310FB /* Main.storyboard */; };
		F97DF9361B4147F200B310FB /* Images.xcassets in Resources */ = {isa = PBXBuildFile; fileRef = F97DF9351B4147F200B310FB /* Images.xcassets */; };
		F97DF9391B4147F200B310FB /* LaunchScreen.xib in Resources */ = {isa = PBXBuildFile; fileRef = F97DF9371B4147F200B310FB /* LaunchScreen.xib */; };
		F97DF94F1B41482000B310FB /* SystemConfiguration.framework in Frameworks */ = {isa = PBXBuildFile; fileRef = F904F05B1B3D56F3006BDB58 /* SystemConfiguration.framework */; };
		F97DF95A1B4148AE00B310FB /* CommLibiOS.a in Frameworks */ = {isa = PBXBuildFile; fileRef = D316A741190A71C1007E2610 /* CommLibiOS.a */; };
		F97DF95B1B4148C600B310FB /* MediaLibiOS.a in Frameworks */ = {isa = PBXBuildFile; fileRef = D316A764190A71C1007E2610 /* MediaLibiOS.a */; };
		F988F2AA15AD843C0083CB14 /* UIKit.framework in Frameworks */ = {isa = PBXBuildFile; fileRef = F9BBFA2514A49BA600C5B39B /* UIKit.framework */; };
		F988F2AB15AD843C0083CB14 /* Foundation.framework in Frameworks */ = {isa = PBXBuildFile; fileRef = F9BBFA2714A49BA600C5B39B /* Foundation.framework */; };
		F988F2AC15AD843C0083CB14 /* CoreGraphics.framework in Frameworks */ = {isa = PBXBuildFile; fileRef = F9BBFA2914A49BA600C5B39B /* CoreGraphics.framework */; };
		F988F2B215AD843C0083CB14 /* InfoPlist.strings in Resources */ = {isa = PBXBuildFile; fileRef = F988F2B015AD843C0083CB14 /* InfoPlist.strings */; };
		F988F2B415AD843C0083CB14 /* main.m in Sources */ = {isa = PBXBuildFile; fileRef = F988F2B315AD843C0083CB14 /* main.m */; };
		F988F2B815AD843C0083CB14 /* AppDelegate.m in Sources */ = {isa = PBXBuildFile; fileRef = F988F2B715AD843C0083CB14 /* AppDelegate.m */; };
		F988F2BB15AD843C0083CB14 /* MainStoryboard_iPhone.storyboard in Resources */ = {isa = PBXBuildFile; fileRef = F988F2B915AD843C0083CB14 /* MainStoryboard_iPhone.storyboard */; };
		F988F2BE15AD843C0083CB14 /* MainStoryboard_iPad.storyboard in Resources */ = {isa = PBXBuildFile; fileRef = F988F2BC15AD843C0083CB14 /* MainStoryboard_iPad.storyboard */; };
		F988F2C115AD843C0083CB14 /* ViewController.m in Sources */ = {isa = PBXBuildFile; fileRef = F988F2C015AD843C0083CB14 /* ViewController.m */; };
		F988F2C515AD844A0083CB14 /* CFNetwork.framework in Frameworks */ = {isa = PBXBuildFile; fileRef = F959131F14DC2E8E00A3EB94 /* CFNetwork.framework */; };
		F988F2C615AD84540083CB14 /* AudioToolbox.framework in Frameworks */ = {isa = PBXBuildFile; fileRef = F9BBFAB314A49E2400C5B39B /* AudioToolbox.framework */; };
		F988F2C715AD84570083CB14 /* AVFoundation.framework in Frameworks */ = {isa = PBXBuildFile; fileRef = F9BBFAB414A49E2400C5B39B /* AVFoundation.framework */; };
		F988F2C915AD847A0083CB14 /* CoreMedia.framework in Frameworks */ = {isa = PBXBuildFile; fileRef = F9BBFAB614A49E2400C5B39B /* CoreMedia.framework */; };
		F988F2CA15AD847C0083CB14 /* CoreVideo.framework in Frameworks */ = {isa = PBXBuildFile; fileRef = F9BBFAB714A49E2400C5B39B /* CoreVideo.framework */; };
		F988F2CB15AD847E0083CB14 /* Security.framework in Frameworks */ = {isa = PBXBuildFile; fileRef = F9BBFAB914A49E2400C5B39B /* Security.framework */; };
		F9B3DF6C1BAB5CE900DC2E93 /* libsqlite3.tbd in Frameworks */ = {isa = PBXBuildFile; fileRef = F9B3DF6A1BAB5CE900DC2E93 /* libsqlite3.tbd */; };
		F9B3DF6D1BAB5CE900DC2E93 /* libz.tbd in Frameworks */ = {isa = PBXBuildFile; fileRef = F9B3DF6B1BAB5CE900DC2E93 /* libz.tbd */; };
		F9B3DF6E1BAB5CF500DC2E93 /* libsqlite3.tbd in Frameworks */ = {isa = PBXBuildFile; fileRef = F9B3DF6A1BAB5CE900DC2E93 /* libsqlite3.tbd */; };
		F9B3DF6F1BAB5CF900DC2E93 /* libz.tbd in Frameworks */ = {isa = PBXBuildFile; fileRef = F9B3DF6B1BAB5CE900DC2E93 /* libz.tbd */; };
		F9B3DF701BAB5D0000DC2E93 /* libsqlite3.tbd in Frameworks */ = {isa = PBXBuildFile; fileRef = F9B3DF6A1BAB5CE900DC2E93 /* libsqlite3.tbd */; };
		F9B3DF711BAB5D0400DC2E93 /* libz.tbd in Frameworks */ = {isa = PBXBuildFile; fileRef = F9B3DF6B1BAB5CE900DC2E93 /* libz.tbd */; };
		F9B3DF721BAB5D0C00DC2E93 /* libsqlite3.tbd in Frameworks */ = {isa = PBXBuildFile; fileRef = F9B3DF6A1BAB5CE900DC2E93 /* libsqlite3.tbd */; };
		F9B3DF731BAB5D1100DC2E93 /* libz.tbd in Frameworks */ = {isa = PBXBuildFile; fileRef = F9B3DF6B1BAB5CE900DC2E93 /* libz.tbd */; };
		F9B3DFDD1BAB5E9A00DC2E93 /* libavcodec.a in Frameworks */ = {isa = PBXBuildFile; fileRef = F9B3DFC61BAB5E9A00DC2E93 /* libavcodec.a */; };
		F9B3DFDE1BAB5E9A00DC2E93 /* libavcodec.a in Frameworks */ = {isa = PBXBuildFile; fileRef = F9B3DFC61BAB5E9A00DC2E93 /* libavcodec.a */; };
		F9B3DFDF1BAB5E9A00DC2E93 /* libavcodec.a in Frameworks */ = {isa = PBXBuildFile; fileRef = F9B3DFC61BAB5E9A00DC2E93 /* libavcodec.a */; };
		F9B3DFE01BAB5E9A00DC2E93 /* libavcodec.a in Frameworks */ = {isa = PBXBuildFile; fileRef = F9B3DFC61BAB5E9A00DC2E93 /* libavcodec.a */; };
		F9B3DFE11BAB5E9A00DC2E93 /* libavdevice.a in Frameworks */ = {isa = PBXBuildFile; fileRef = F9B3DFC71BAB5E9A00DC2E93 /* libavdevice.a */; };
		F9B3DFE21BAB5E9A00DC2E93 /* libavdevice.a in Frameworks */ = {isa = PBXBuildFile; fileRef = F9B3DFC71BAB5E9A00DC2E93 /* libavdevice.a */; };
		F9B3DFE31BAB5E9A00DC2E93 /* libavdevice.a in Frameworks */ = {isa = PBXBuildFile; fileRef = F9B3DFC71BAB5E9A00DC2E93 /* libavdevice.a */; };
		F9B3DFE41BAB5E9A00DC2E93 /* libavdevice.a in Frameworks */ = {isa = PBXBuildFile; fileRef = F9B3DFC71BAB5E9A00DC2E93 /* libavdevice.a */; };
		F9B3DFE51BAB5E9A00DC2E93 /* libavfilter.a in Frameworks */ = {isa = PBXBuildFile; fileRef = F9B3DFC81BAB5E9A00DC2E93 /* libavfilter.a */; };
		F9B3DFE61BAB5E9A00DC2E93 /* libavfilter.a in Frameworks */ = {isa = PBXBuildFile; fileRef = F9B3DFC81BAB5E9A00DC2E93 /* libavfilter.a */; };
		F9B3DFE71BAB5E9A00DC2E93 /* libavfilter.a in Frameworks */ = {isa = PBXBuildFile; fileRef = F9B3DFC81BAB5E9A00DC2E93 /* libavfilter.a */; };
		F9B3DFE81BAB5E9A00DC2E93 /* libavfilter.a in Frameworks */ = {isa = PBXBuildFile; fileRef = F9B3DFC81BAB5E9A00DC2E93 /* libavfilter.a */; };
		F9B3DFE91BAB5E9A00DC2E93 /* libavformat.a in Frameworks */ = {isa = PBXBuildFile; fileRef = F9B3DFC91BAB5E9A00DC2E93 /* libavformat.a */; };
		F9B3DFEA1BAB5E9A00DC2E93 /* libavformat.a in Frameworks */ = {isa = PBXBuildFile; fileRef = F9B3DFC91BAB5E9A00DC2E93 /* libavformat.a */; };
		F9B3DFEB1BAB5E9A00DC2E93 /* libavformat.a in Frameworks */ = {isa = PBXBuildFile; fileRef = F9B3DFC91BAB5E9A00DC2E93 /* libavformat.a */; };
		F9B3DFEC1BAB5E9A00DC2E93 /* libavformat.a in Frameworks */ = {isa = PBXBuildFile; fileRef = F9B3DFC91BAB5E9A00DC2E93 /* libavformat.a */; };
		F9B3DFED1BAB5E9A00DC2E93 /* libavutil.a in Frameworks */ = {isa = PBXBuildFile; fileRef = F9B3DFCA1BAB5E9A00DC2E93 /* libavutil.a */; };
		F9B3DFEE1BAB5E9A00DC2E93 /* libavutil.a in Frameworks */ = {isa = PBXBuildFile; fileRef = F9B3DFCA1BAB5E9A00DC2E93 /* libavutil.a */; };
		F9B3DFEF1BAB5E9A00DC2E93 /* libavutil.a in Frameworks */ = {isa = PBXBuildFile; fileRef = F9B3DFCA1BAB5E9A00DC2E93 /* libavutil.a */; };
		F9B3DFF01BAB5E9A00DC2E93 /* libavutil.a in Frameworks */ = {isa = PBXBuildFile; fileRef = F9B3DFCA1BAB5E9A00DC2E93 /* libavutil.a */; };
		F9B3DFF11BAB5E9A00DC2E93 /* libswscale.a in Frameworks */ = {isa = PBXBuildFile; fileRef = F9B3DFCB1BAB5E9A00DC2E93 /* libswscale.a */; };
		F9B3DFF21BAB5E9A00DC2E93 /* libswscale.a in Frameworks */ = {isa = PBXBuildFile; fileRef = F9B3DFCB1BAB5E9A00DC2E93 /* libswscale.a */; };
		F9B3DFF31BAB5E9A00DC2E93 /* libswscale.a in Frameworks */ = {isa = PBXBuildFile; fileRef = F9B3DFCB1BAB5E9A00DC2E93 /* libswscale.a */; };
		F9B3DFF41BAB5E9A00DC2E93 /* libswscale.a in Frameworks */ = {isa = PBXBuildFile; fileRef = F9B3DFCB1BAB5E9A00DC2E93 /* libswscale.a */; };
		F9B3DFF51BAB5E9A00DC2E93 /* libspeex.a in Frameworks */ = {isa = PBXBuildFile; fileRef = F9B3DFD61BAB5E9A00DC2E93 /* libspeex.a */; };
		F9B3DFF61BAB5E9A00DC2E93 /* libspeex.a in Frameworks */ = {isa = PBXBuildFile; fileRef = F9B3DFD61BAB5E9A00DC2E93 /* libspeex.a */; };
		F9B3DFF71BAB5E9A00DC2E93 /* libspeex.a in Frameworks */ = {isa = PBXBuildFile; fileRef = F9B3DFD61BAB5E9A00DC2E93 /* libspeex.a */; };
		F9B3DFF81BAB5E9A00DC2E93 /* libspeex.a in Frameworks */ = {isa = PBXBuildFile; fileRef = F9B3DFD61BAB5E9A00DC2E93 /* libspeex.a */; };
		F9B3DFF91BAB5E9A00DC2E93 /* libx264.a in Frameworks */ = {isa = PBXBuildFile; fileRef = F9B3DFDC1BAB5E9A00DC2E93 /* libx264.a */; };
		F9B3DFFA1BAB5E9A00DC2E93 /* libx264.a in Frameworks */ = {isa = PBXBuildFile; fileRef = F9B3DFDC1BAB5E9A00DC2E93 /* libx264.a */; };
		F9B3DFFB1BAB5E9A00DC2E93 /* libx264.a in Frameworks */ = {isa = PBXBuildFile; fileRef = F9B3DFDC1BAB5E9A00DC2E93 /* libx264.a */; };
		F9B3DFFC1BAB5E9A00DC2E93 /* libx264.a in Frameworks */ = {isa = PBXBuildFile; fileRef = F9B3DFDC1BAB5E9A00DC2E93 /* libx264.a */; };
		F9B3E4E71BFDE5E30093F3A1 /* CoreData.framework in Frameworks */ = {isa = PBXBuildFile; fileRef = F97C8914170580EC00F0B611 /* CoreData.framework */; };
		F9F3EDBA161070D200B0EA20 /* Default-568h@2x.png in Resources */ = {isa = PBXBuildFile; fileRef = F9F3EDB9161070D200B0EA20 /* Default-568h@2x.png */; };
		F9F3EDBB161070D200B0EA20 /* Default-568h@2x.png in Resources */ = {isa = PBXBuildFile; fileRef = F9F3EDB9161070D200B0EA20 /* Default-568h@2x.png */; };
		F9F6992215AC5D01004B6F37 /* UIKit.framework in Frameworks */ = {isa = PBXBuildFile; fileRef = F9BBFA2514A49BA600C5B39B /* UIKit.framework */; };
		F9F6992315AC5D01004B6F37 /* Foundation.framework in Frameworks */ = {isa = PBXBuildFile; fileRef = F9BBFA2714A49BA600C5B39B /* Foundation.framework */; };
		F9F6992415AC5D01004B6F37 /* CoreGraphics.framework in Frameworks */ = {isa = PBXBuildFile; fileRef = F9BBFA2914A49BA600C5B39B /* CoreGraphics.framework */; };
		F9F6992A15AC5D01004B6F37 /* InfoPlist.strings in Resources */ = {isa = PBXBuildFile; fileRef = F9F6992815AC5D01004B6F37 /* InfoPlist.strings */; };
		F9F6992C15AC5D01004B6F37 /* main.m in Sources */ = {isa = PBXBuildFile; fileRef = F9F6992B15AC5D01004B6F37 /* main.m */; };
		F9F6993015AC5D01004B6F37 /* AppDelegate.m in Sources */ = {isa = PBXBuildFile; fileRef = F9F6992F15AC5D01004B6F37 /* AppDelegate.m */; };
		F9F6993315AC5D01004B6F37 /* MainStoryboard_iPhone.storyboard in Resources */ = {isa = PBXBuildFile; fileRef = F9F6993115AC5D01004B6F37 /* MainStoryboard_iPhone.storyboard */; };
		F9F6993615AC5D01004B6F37 /* MainStoryboard_iPad.storyboard in Resources */ = {isa = PBXBuildFile; fileRef = F9F6993415AC5D01004B6F37 /* MainStoryboard_iPad.storyboard */; };
		F9F6993915AC5D01004B6F37 /* ViewController.m in Sources */ = {isa = PBXBuildFile; fileRef = F9F6993815AC5D01004B6F37 /* ViewController.m */; };
		F9F6993E15AC5FA3004B6F37 /* CFNetwork.framework in Frameworks */ = {isa = PBXBuildFile; fileRef = F959131F14DC2E8E00A3EB94 /* CFNetwork.framework */; };
		F9F6993F15AC5FAE004B6F37 /* AudioToolbox.framework in Frameworks */ = {isa = PBXBuildFile; fileRef = F9BBFAB314A49E2400C5B39B /* AudioToolbox.framework */; };
		F9F6994015AC5FB2004B6F37 /* AVFoundation.framework in Frameworks */ = {isa = PBXBuildFile; fileRef = F9BBFAB414A49E2400C5B39B /* AVFoundation.framework */; };
		F9F6994215AC5FB9004B6F37 /* CoreMedia.framework in Frameworks */ = {isa = PBXBuildFile; fileRef = F9BBFAB614A49E2400C5B39B /* CoreMedia.framework */; };
		F9F6994315AC5FBD004B6F37 /* CoreVideo.framework in Frameworks */ = {isa = PBXBuildFile; fileRef = F9BBFAB714A49E2400C5B39B /* CoreVideo.framework */; };
		F9F6994415AC5FC0004B6F37 /* Security.framework in Frameworks */ = {isa = PBXBuildFile; fileRef = F9BBFAB914A49E2400C5B39B /* Security.framework */; };
		F9F7031E1652641D004FCA9B /* UIKit.framework in Frameworks */ = {isa = PBXBuildFile; fileRef = F9BBFA2514A49BA600C5B39B /* UIKit.framework */; };
		F9F7031F1652641D004FCA9B /* Foundation.framework in Frameworks */ = {isa = PBXBuildFile; fileRef = F9BBFA2714A49BA600C5B39B /* Foundation.framework */; };
		F9F703201652641D004FCA9B /* CoreGraphics.framework in Frameworks */ = {isa = PBXBuildFile; fileRef = F9BBFA2914A49BA600C5B39B /* CoreGraphics.framework */; };
		F9F703261652641D004FCA9B /* InfoPlist.strings in Resources */ = {isa = PBXBuildFile; fileRef = F9F703241652641D004FCA9B /* InfoPlist.strings */; };
		F9F703281652641D004FCA9B /* main.m in Sources */ = {isa = PBXBuildFile; fileRef = F9F703271652641D004FCA9B /* main.m */; };
		F9F7032C1652641D004FCA9B /* AppDelegate.m in Sources */ = {isa = PBXBuildFile; fileRef = F9F7032B1652641D004FCA9B /* AppDelegate.m */; };
		F9F703321652641D004FCA9B /* Default-568h@2x.png in Resources */ = {isa = PBXBuildFile; fileRef = F9F703311652641D004FCA9B /* Default-568h@2x.png */; };
		F9F703351652641D004FCA9B /* MainStoryboard_iPhone.storyboard in Resources */ = {isa = PBXBuildFile; fileRef = F9F703331652641D004FCA9B /* MainStoryboard_iPhone.storyboard */; };
		F9F703381652641D004FCA9B /* MainStoryboard_iPad.storyboard in Resources */ = {isa = PBXBuildFile; fileRef = F9F703361652641D004FCA9B /* MainStoryboard_iPad.storyboard */; };
		F9F7033B1652641D004FCA9B /* ViewController.m in Sources */ = {isa = PBXBuildFile; fileRef = F9F7033A1652641D004FCA9B /* ViewController.m */; };
		F9F703401652646B004FCA9B /* CFNetwork.framework in Frameworks */ = {isa = PBXBuildFile; fileRef = F959131F14DC2E8E00A3EB94 /* CFNetwork.framework */; };
		F9F7034116526472004FCA9B /* AudioToolbox.framework in Frameworks */ = {isa = PBXBuildFile; fileRef = F9BBFAB314A49E2400C5B39B /* AudioToolbox.framework */; };
		F9F7034216526476004FCA9B /* AVFoundation.framework in Frameworks */ = {isa = PBXBuildFile; fileRef = F9BBFAB414A49E2400C5B39B /* AVFoundation.framework */; };
		F9F703441652647D004FCA9B /* CoreMedia.framework in Frameworks */ = {isa = PBXBuildFile; fileRef = F9BBFAB614A49E2400C5B39B /* CoreMedia.framework */; };
		F9F7034516526481004FCA9B /* CoreVideo.framework in Frameworks */ = {isa = PBXBuildFile; fileRef = F9BBFAB714A49E2400C5B39B /* CoreVideo.framework */; };
		F9F7034616526484004FCA9B /* Security.framework in Frameworks */ = {isa = PBXBuildFile; fileRef = F9BBFAB914A49E2400C5B39B /* Security.framework */; };
/* End PBXBuildFile section */

/* Begin PBXFileReference section */
		D316A741190A71C1007E2610 /* CommLibiOS.a */ = {isa = PBXFileReference; lastKnownFileType = archive.ar; path = CommLibiOS.a; sourceTree = "<group>"; };
		D316A743190A71C1007E2610 /* Communication Library for iOS User Guide.pdf */ = {isa = PBXFileReference; lastKnownFileType = image.pdf; path = "Communication Library for iOS User Guide.pdf"; sourceTree = "<group>"; };
		D316A744190A71C1007E2610 /* WeborbClient Class Reference.odt */ = {isa = PBXFileReference; lastKnownFileType = file; path = "WeborbClient Class Reference.odt"; sourceTree = "<group>"; };
		D316A746190A71C1007E2610 /* AMFSerializer.h */ = {isa = PBXFileReference; fileEncoding = 4; lastKnownFileType = sourcecode.c.h; path = AMFSerializer.h; sourceTree = "<group>"; };
		D316A747190A71C1007E2610 /* BinaryCodec.h */ = {isa = PBXFileReference; fileEncoding = 4; lastKnownFileType = sourcecode.c.h; path = BinaryCodec.h; sourceTree = "<group>"; };
		D316A748190A71C1007E2610 /* BinaryStream.h */ = {isa = PBXFileReference; fileEncoding = 4; lastKnownFileType = sourcecode.c.h; path = BinaryStream.h; sourceTree = "<group>"; };
		D316A749190A71C1007E2610 /* DEBUG.h */ = {isa = PBXFileReference; fileEncoding = 4; lastKnownFileType = sourcecode.c.h; path = DEBUG.h; sourceTree = "<group>"; };
		D316A74A190A71C1007E2610 /* FlashorbBinaryReader.h */ = {isa = PBXFileReference; fileEncoding = 4; lastKnownFileType = sourcecode.c.h; path = FlashorbBinaryReader.h; sourceTree = "<group>"; };
		D316A74B190A71C1007E2610 /* FlashorbBinaryWriter.h */ = {isa = PBXFileReference; fileEncoding = 4; lastKnownFileType = sourcecode.c.h; path = FlashorbBinaryWriter.h; sourceTree = "<group>"; };
		D316A74C190A71C1007E2610 /* IAttributeStore.h */ = {isa = PBXFileReference; fileEncoding = 4; lastKnownFileType = sourcecode.c.h; path = IAttributeStore.h; sourceTree = "<group>"; };
		D316A74D190A71C1007E2610 /* IClientSharedObject.h */ = {isa = PBXFileReference; fileEncoding = 4; lastKnownFileType = sourcecode.c.h; path = IClientSharedObject.h; sourceTree = "<group>"; };
		D316A74E190A71C1007E2610 /* IClientSharedObjectDelegate.h */ = {isa = PBXFileReference; fileEncoding = 4; lastKnownFileType = sourcecode.c.h; path = IClientSharedObjectDelegate.h; sourceTree = "<group>"; };
		D316A74F190A71C1007E2610 /* IPendingServiceCallback.h */ = {isa = PBXFileReference; fileEncoding = 4; lastKnownFileType = sourcecode.c.h; path = IPendingServiceCallback.h; sourceTree = "<group>"; };
		D316A750190A71C1007E2610 /* IPersistable.h */ = {isa = PBXFileReference; fileEncoding = 4; lastKnownFileType = sourcecode.c.h; path = IPersistable.h; sourceTree = "<group>"; };
		D316A751190A71C1007E2610 /* IRTMProtocol.h */ = {isa = PBXFileReference; fileEncoding = 4; lastKnownFileType = sourcecode.c.h; path = IRTMProtocol.h; sourceTree = "<group>"; };
		D316A752190A71C1007E2610 /* IServiceCall.h */ = {isa = PBXFileReference; fileEncoding = 4; lastKnownFileType = sourcecode.c.h; path = IServiceCall.h; sourceTree = "<group>"; };
		D316A753190A71C1007E2610 /* ISharedObjectListener.h */ = {isa = PBXFileReference; fileEncoding = 4; lastKnownFileType = sourcecode.c.h; path = ISharedObjectListener.h; sourceTree = "<group>"; };
		D316A754190A71C1007E2610 /* MemoryTicker.h */ = {isa = PBXFileReference; fileEncoding = 4; lastKnownFileType = sourcecode.c.h; path = MemoryTicker.h; sourceTree = "<group>"; };
		D316A755190A71C1007E2610 /* Responder.h */ = {isa = PBXFileReference; fileEncoding = 4; lastKnownFileType = sourcecode.c.h; path = Responder.h; sourceTree = "<group>"; };
		D316A756190A71C1007E2610 /* RTMPClient.h */ = {isa = PBXFileReference; fileEncoding = 4; lastKnownFileType = sourcecode.c.h; path = RTMPClient.h; sourceTree = "<group>"; };
		D316A757190A71C1007E2610 /* Types.h */ = {isa = PBXFileReference; fileEncoding = 4; lastKnownFileType = sourcecode.c.h; path = Types.h; sourceTree = "<group>"; };
		D316A758190A71C1007E2610 /* WeborbClient.h */ = {isa = PBXFileReference; fileEncoding = 4; lastKnownFileType = sourcecode.c.h; path = WeborbClient.h; sourceTree = "<group>"; };
		D316A75C190A71C1007E2610 /* Media Library for iOS User Guide.docx */ = {isa = PBXFileReference; lastKnownFileType = file; path = "Media Library for iOS User Guide.docx"; sourceTree = "<group>"; };
		D316A75E190A71C1007E2610 /* BroadcastStreamClient.h */ = {isa = PBXFileReference; fileEncoding = 4; lastKnownFileType = sourcecode.c.h; path = BroadcastStreamClient.h; sourceTree = "<group>"; };
		D316A75F190A71C1007E2610 /* MediaStreamPlayer.h */ = {isa = PBXFileReference; fileEncoding = 4; lastKnownFileType = sourcecode.c.h; path = MediaStreamPlayer.h; sourceTree = "<group>"; };
		D316A760190A71C1007E2610 /* MPMediaData.h */ = {isa = PBXFileReference; fileEncoding = 4; lastKnownFileType = sourcecode.c.h; path = MPMediaData.h; sourceTree = "<group>"; };
		D316A761190A71C1007E2610 /* MPMediaDecoder.h */ = {isa = PBXFileReference; fileEncoding = 4; lastKnownFileType = sourcecode.c.h; path = MPMediaDecoder.h; sourceTree = "<group>"; };
		D316A762190A71C1007E2610 /* MPMediaEncoder.h */ = {isa = PBXFileReference; fileEncoding = 4; lastKnownFileType = sourcecode.c.h; path = MPMediaEncoder.h; sourceTree = "<group>"; };
		D316A763190A71C1007E2610 /* VideoPlayer.h */ = {isa = PBXFileReference; fileEncoding = 4; lastKnownFileType = sourcecode.c.h; path = VideoPlayer.h; sourceTree = "<group>"; };
		D316A764190A71C1007E2610 /* MediaLibiOS.a */ = {isa = PBXFileReference; lastKnownFileType = archive.ar; path = MediaLibiOS.a; sourceTree = "<group>"; };
		D353120F19E82CA400895ACC /* README.md */ = {isa = PBXFileReference; lastKnownFileType = text; path = README.md; sourceTree = "<group>"; };
		F904F05B1B3D56F3006BDB58 /* SystemConfiguration.framework */ = {isa = PBXFileReference; lastKnownFileType = wrapper.framework; name = SystemConfiguration.framework; path = System/Library/Frameworks/SystemConfiguration.framework; sourceTree = SDKROOT; };
		F959131F14DC2E8E00A3EB94 /* CFNetwork.framework */ = {isa = PBXFileReference; lastKnownFileType = wrapper.framework; name = CFNetwork.framework; path = System/Library/Frameworks/CFNetwork.framework; sourceTree = SDKROOT; };
		F97C8914170580EC00F0B611 /* CoreData.framework */ = {isa = PBXFileReference; lastKnownFileType = wrapper.framework; name = CoreData.framework; path = System/Library/Frameworks/CoreData.framework; sourceTree = SDKROOT; };
		F97DF9261B4147F200B310FB /* RTMPPhotoPublisher.app */ = {isa = PBXFileReference; explicitFileType = wrapper.application; includeInIndex = 0; path = RTMPPhotoPublisher.app; sourceTree = BUILT_PRODUCTS_DIR; };
		F97DF9291B4147F200B310FB /* Info.plist */ = {isa = PBXFileReference; lastKnownFileType = text.plist.xml; path = Info.plist; sourceTree = "<group>"; };
		F97DF92A1B4147F200B310FB /* main.m */ = {isa = PBXFileReference; lastKnownFileType = sourcecode.c.objc; path = main.m; sourceTree = "<group>"; };
		F97DF92C1B4147F200B310FB /* AppDelegate.h */ = {isa = PBXFileReference; lastKnownFileType = sourcecode.c.h; path = AppDelegate.h; sourceTree = "<group>"; };
		F97DF92D1B4147F200B310FB /* AppDelegate.m */ = {isa = PBXFileReference; lastKnownFileType = sourcecode.c.objc; path = AppDelegate.m; sourceTree = "<group>"; };
		F97DF92F1B4147F200B310FB /* ViewController.h */ = {isa = PBXFileReference; lastKnownFileType = sourcecode.c.h; path = ViewController.h; sourceTree = "<group>"; };
		F97DF9301B4147F200B310FB /* ViewController.m */ = {isa = PBXFileReference; lastKnownFileType = sourcecode.c.objc; path = ViewController.m; sourceTree = "<group>"; };
		F97DF9331B4147F200B310FB /* Base */ = {isa = PBXFileReference; lastKnownFileType = file.storyboard; name = Base; path = Base.lproj/Main.storyboard; sourceTree = "<group>"; };
		F97DF9351B4147F200B310FB /* Images.xcassets */ = {isa = PBXFileReference; lastKnownFileType = folder.assetcatalog; path = Images.xcassets; sourceTree = "<group>"; };
		F97DF9381B4147F200B310FB /* Base */ = {isa = PBXFileReference; lastKnownFileType = file.xib; name = Base; path = Base.lproj/LaunchScreen.xib; sourceTree = "<group>"; };
		F97DF9431B4147F200B310FB /* Info.plist */ = {isa = PBXFileReference; lastKnownFileType = text.plist.xml; path = Info.plist; sourceTree = "<group>"; };
		F97DF9441B4147F200B310FB /* RTMPPhotoPublisherTests.m */ = {isa = PBXFileReference; lastKnownFileType = sourcecode.c.objc; path = RTMPPhotoPublisherTests.m; sourceTree = "<group>"; };
		F988F2A815AD843B0083CB14 /* RTMPStreamPlayer.app */ = {isa = PBXFileReference; explicitFileType = wrapper.application; includeInIndex = 0; path = RTMPStreamPlayer.app; sourceTree = BUILT_PRODUCTS_DIR; };
		F988F2AF15AD843C0083CB14 /* RTMPStreamPlayer-Info.plist */ = {isa = PBXFileReference; lastKnownFileType = text.plist.xml; path = "RTMPStreamPlayer-Info.plist"; sourceTree = "<group>"; };
		F988F2B115AD843C0083CB14 /* en */ = {isa = PBXFileReference; lastKnownFileType = text.plist.strings; name = en; path = en.lproj/InfoPlist.strings; sourceTree = "<group>"; };
		F988F2B315AD843C0083CB14 /* main.m */ = {isa = PBXFileReference; lastKnownFileType = sourcecode.c.objc; path = main.m; sourceTree = "<group>"; };
		F988F2B515AD843C0083CB14 /* RTMPStreamPlayer-Prefix.pch */ = {isa = PBXFileReference; lastKnownFileType = sourcecode.c.h; path = "RTMPStreamPlayer-Prefix.pch"; sourceTree = "<group>"; };
		F988F2B615AD843C0083CB14 /* AppDelegate.h */ = {isa = PBXFileReference; lastKnownFileType = sourcecode.c.h; path = AppDelegate.h; sourceTree = "<group>"; };
		F988F2B715AD843C0083CB14 /* AppDelegate.m */ = {isa = PBXFileReference; lastKnownFileType = sourcecode.c.objc; path = AppDelegate.m; sourceTree = "<group>"; };
		F988F2BA15AD843C0083CB14 /* en */ = {isa = PBXFileReference; lastKnownFileType = file.storyboard; name = en; path = en.lproj/MainStoryboard_iPhone.storyboard; sourceTree = "<group>"; };
		F988F2BD15AD843C0083CB14 /* en */ = {isa = PBXFileReference; lastKnownFileType = file.storyboard; name = en; path = en.lproj/MainStoryboard_iPad.storyboard; sourceTree = "<group>"; };
		F988F2BF15AD843C0083CB14 /* ViewController.h */ = {isa = PBXFileReference; lastKnownFileType = sourcecode.c.h; path = ViewController.h; sourceTree = "<group>"; };
		F988F2C015AD843C0083CB14 /* ViewController.m */ = {isa = PBXFileReference; lastKnownFileType = sourcecode.c.objc; path = ViewController.m; sourceTree = "<group>"; };
		F9B3DF6A1BAB5CE900DC2E93 /* libsqlite3.tbd */ = {isa = PBXFileReference; lastKnownFileType = "sourcecode.text-based-dylib-definition"; name = libsqlite3.tbd; path = usr/lib/libsqlite3.tbd; sourceTree = SDKROOT; };
		F9B3DF6B1BAB5CE900DC2E93 /* libz.tbd */ = {isa = PBXFileReference; lastKnownFileType = "sourcecode.text-based-dylib-definition"; name = libz.tbd; path = usr/lib/libz.tbd; sourceTree = SDKROOT; };
		F9B3DF771BAB5E9A00DC2E93 /* avcodec.h */ = {isa = PBXFileReference; fileEncoding = 4; lastKnownFileType = sourcecode.c.h; path = avcodec.h; sourceTree = "<group>"; };
		F9B3DF781BAB5E9A00DC2E93 /* avfft.h */ = {isa = PBXFileReference; fileEncoding = 4; lastKnownFileType = sourcecode.c.h; path = avfft.h; sourceTree = "<group>"; };
		F9B3DF791BAB5E9A00DC2E93 /* dv_profile.h */ = {isa = PBXFileReference; fileEncoding = 4; lastKnownFileType = sourcecode.c.h; path = dv_profile.h; sourceTree = "<group>"; };
		F9B3DF7A1BAB5E9A00DC2E93 /* dxva2.h */ = {isa = PBXFileReference; fileEncoding = 4; lastKnownFileType = sourcecode.c.h; path = dxva2.h; sourceTree = "<group>"; };
		F9B3DF7B1BAB5E9A00DC2E93 /* vaapi.h */ = {isa = PBXFileReference; fileEncoding = 4; lastKnownFileType = sourcecode.c.h; path = vaapi.h; sourceTree = "<group>"; };
		F9B3DF7C1BAB5E9A00DC2E93 /* vda.h */ = {isa = PBXFileReference; fileEncoding = 4; lastKnownFileType = sourcecode.c.h; path = vda.h; sourceTree = "<group>"; };
		F9B3DF7D1BAB5E9A00DC2E93 /* vdpau.h */ = {isa = PBXFileReference; fileEncoding = 4; lastKnownFileType = sourcecode.c.h; path = vdpau.h; sourceTree = "<group>"; };
		F9B3DF7E1BAB5E9A00DC2E93 /* version.h */ = {isa = PBXFileReference; fileEncoding = 4; lastKnownFileType = sourcecode.c.h; path = version.h; sourceTree = "<group>"; };
		F9B3DF7F1BAB5E9A00DC2E93 /* xvmc.h */ = {isa = PBXFileReference; fileEncoding = 4; lastKnownFileType = sourcecode.c.h; path = xvmc.h; sourceTree = "<group>"; };
		F9B3DF811BAB5E9A00DC2E93 /* avdevice.h */ = {isa = PBXFileReference; fileEncoding = 4; lastKnownFileType = sourcecode.c.h; path = avdevice.h; sourceTree = "<group>"; };
		F9B3DF821BAB5E9A00DC2E93 /* version.h */ = {isa = PBXFileReference; fileEncoding = 4; lastKnownFileType = sourcecode.c.h; path = version.h; sourceTree = "<group>"; };
		F9B3DF841BAB5E9A00DC2E93 /* avfilter.h */ = {isa = PBXFileReference; fileEncoding = 4; lastKnownFileType = sourcecode.c.h; path = avfilter.h; sourceTree = "<group>"; };
		F9B3DF851BAB5E9A00DC2E93 /* avfiltergraph.h */ = {isa = PBXFileReference; fileEncoding = 4; lastKnownFileType = sourcecode.c.h; path = avfiltergraph.h; sourceTree = "<group>"; };
		F9B3DF861BAB5E9A00DC2E93 /* buffersink.h */ = {isa = PBXFileReference; fileEncoding = 4; lastKnownFileType = sourcecode.c.h; path = buffersink.h; sourceTree = "<group>"; };
		F9B3DF871BAB5E9A00DC2E93 /* buffersrc.h */ = {isa = PBXFileReference; fileEncoding = 4; lastKnownFileType = sourcecode.c.h; path = buffersrc.h; sourceTree = "<group>"; };
		F9B3DF881BAB5E9A00DC2E93 /* version.h */ = {isa = PBXFileReference; fileEncoding = 4; lastKnownFileType = sourcecode.c.h; path = version.h; sourceTree = "<group>"; };
		F9B3DF8A1BAB5E9A00DC2E93 /* avformat.h */ = {isa = PBXFileReference; fileEncoding = 4; lastKnownFileType = sourcecode.c.h; path = avformat.h; sourceTree = "<group>"; };
		F9B3DF8B1BAB5E9A00DC2E93 /* avio.h */ = {isa = PBXFileReference; fileEncoding = 4; lastKnownFileType = sourcecode.c.h; path = avio.h; sourceTree = "<group>"; };
		F9B3DF8C1BAB5E9A00DC2E93 /* version.h */ = {isa = PBXFileReference; fileEncoding = 4; lastKnownFileType = sourcecode.c.h; path = version.h; sourceTree = "<group>"; };
		F9B3DF8E1BAB5E9A00DC2E93 /* avresample.h */ = {isa = PBXFileReference; fileEncoding = 4; lastKnownFileType = sourcecode.c.h; path = avresample.h; sourceTree = "<group>"; };
		F9B3DF8F1BAB5E9A00DC2E93 /* version.h */ = {isa = PBXFileReference; fileEncoding = 4; lastKnownFileType = sourcecode.c.h; path = version.h; sourceTree = "<group>"; };
		F9B3DF911BAB5E9A00DC2E93 /* adler32.h */ = {isa = PBXFileReference; fileEncoding = 4; lastKnownFileType = sourcecode.c.h; path = adler32.h; sourceTree = "<group>"; };
		F9B3DF921BAB5E9A00DC2E93 /* aes.h */ = {isa = PBXFileReference; fileEncoding = 4; lastKnownFileType = sourcecode.c.h; path = aes.h; sourceTree = "<group>"; };
		F9B3DF931BAB5E9A00DC2E93 /* attributes.h */ = {isa = PBXFileReference; fileEncoding = 4; lastKnownFileType = sourcecode.c.h; path = attributes.h; sourceTree = "<group>"; };
		F9B3DF941BAB5E9A00DC2E93 /* audio_fifo.h */ = {isa = PBXFileReference; fileEncoding = 4; lastKnownFileType = sourcecode.c.h; path = audio_fifo.h; sourceTree = "<group>"; };
		F9B3DF951BAB5E9A00DC2E93 /* audioconvert.h */ = {isa = PBXFileReference; fileEncoding = 4; lastKnownFileType = sourcecode.c.h; path = audioconvert.h; sourceTree = "<group>"; };
		F9B3DF961BAB5E9A00DC2E93 /* avassert.h */ = {isa = PBXFileReference; fileEncoding = 4; lastKnownFileType = sourcecode.c.h; path = avassert.h; sourceTree = "<group>"; };
		F9B3DF971BAB5E9A00DC2E93 /* avconfig.h */ = {isa = PBXFileReference; fileEncoding = 4; lastKnownFileType = sourcecode.c.h; path = avconfig.h; sourceTree = "<group>"; };
		F9B3DF981BAB5E9A00DC2E93 /* avstring.h */ = {isa = PBXFileReference; fileEncoding = 4; lastKnownFileType = sourcecode.c.h; path = avstring.h; sourceTree = "<group>"; };
		F9B3DF991BAB5E9A00DC2E93 /* avutil.h */ = {isa = PBXFileReference; fileEncoding = 4; lastKnownFileType = sourcecode.c.h; path = avutil.h; sourceTree = "<group>"; };
		F9B3DF9A1BAB5E9A00DC2E93 /* base64.h */ = {isa = PBXFileReference; fileEncoding = 4; lastKnownFileType = sourcecode.c.h; path = base64.h; sourceTree = "<group>"; };
		F9B3DF9B1BAB5E9A00DC2E93 /* blowfish.h */ = {isa = PBXFileReference; fileEncoding = 4; lastKnownFileType = sourcecode.c.h; path = blowfish.h; sourceTree = "<group>"; };
		F9B3DF9C1BAB5E9A00DC2E93 /* bswap.h */ = {isa = PBXFileReference; fileEncoding = 4; lastKnownFileType = sourcecode.c.h; path = bswap.h; sourceTree = "<group>"; };
		F9B3DF9D1BAB5E9A00DC2E93 /* buffer.h */ = {isa = PBXFileReference; fileEncoding = 4; lastKnownFileType = sourcecode.c.h; path = buffer.h; sourceTree = "<group>"; };
		F9B3DF9E1BAB5E9A00DC2E93 /* channel_layout.h */ = {isa = PBXFileReference; fileEncoding = 4; lastKnownFileType = sourcecode.c.h; path = channel_layout.h; sourceTree = "<group>"; };
		F9B3DF9F1BAB5E9A00DC2E93 /* common.h */ = {isa = PBXFileReference; fileEncoding = 4; lastKnownFileType = sourcecode.c.h; path = common.h; sourceTree = "<group>"; };
		F9B3DFA01BAB5E9A00DC2E93 /* cpu.h */ = {isa = PBXFileReference; fileEncoding = 4; lastKnownFileType = sourcecode.c.h; path = cpu.h; sourceTree = "<group>"; };
		F9B3DFA11BAB5E9A00DC2E93 /* crc.h */ = {isa = PBXFileReference; fileEncoding = 4; lastKnownFileType = sourcecode.c.h; path = crc.h; sourceTree = "<group>"; };
		F9B3DFA21BAB5E9A00DC2E93 /* dict.h */ = {isa = PBXFileReference; fileEncoding = 4; lastKnownFileType = sourcecode.c.h; path = dict.h; sourceTree = "<group>"; };
		F9B3DFA31BAB5E9A00DC2E93 /* display.h */ = {isa = PBXFileReference; fileEncoding = 4; lastKnownFileType = sourcecode.c.h; path = display.h; sourceTree = "<group>"; };
		F9B3DFA41BAB5E9A00DC2E93 /* downmix_info.h */ = {isa = PBXFileReference; fileEncoding = 4; lastKnownFileType = sourcecode.c.h; path = downmix_info.h; sourceTree = "<group>"; };
		F9B3DFA51BAB5E9A00DC2E93 /* error.h */ = {isa = PBXFileReference; fileEncoding = 4; lastKnownFileType = sourcecode.c.h; path = error.h; sourceTree = "<group>"; };
		F9B3DFA61BAB5E9A00DC2E93 /* eval.h */ = {isa = PBXFileReference; fileEncoding = 4; lastKnownFileType = sourcecode.c.h; path = eval.h; sourceTree = "<group>"; };
		F9B3DFA71BAB5E9A00DC2E93 /* fifo.h */ = {isa = PBXFileReference; fileEncoding = 4; lastKnownFileType = sourcecode.c.h; path = fifo.h; sourceTree = "<group>"; };
		F9B3DFA81BAB5E9A00DC2E93 /* file.h */ = {isa = PBXFileReference; fileEncoding = 4; lastKnownFileType = sourcecode.c.h; path = file.h; sourceTree = "<group>"; };
		F9B3DFA91BAB5E9A00DC2E93 /* frame.h */ = {isa = PBXFileReference; fileEncoding = 4; lastKnownFileType = sourcecode.c.h; path = frame.h; sourceTree = "<group>"; };
		F9B3DFAA1BAB5E9A00DC2E93 /* hmac.h */ = {isa = PBXFileReference; fileEncoding = 4; lastKnownFileType = sourcecode.c.h; path = hmac.h; sourceTree = "<group>"; };
		F9B3DFAB1BAB5E9A00DC2E93 /* imgutils.h */ = {isa = PBXFileReference; fileEncoding = 4; lastKnownFileType = sourcecode.c.h; path = imgutils.h; sourceTree = "<group>"; };
		F9B3DFAC1BAB5E9A00DC2E93 /* intfloat.h */ = {isa = PBXFileReference; fileEncoding = 4; lastKnownFileType = sourcecode.c.h; path = intfloat.h; sourceTree = "<group>"; };
		F9B3DFAD1BAB5E9A00DC2E93 /* intreadwrite.h */ = {isa = PBXFileReference; fileEncoding = 4; lastKnownFileType = sourcecode.c.h; path = intreadwrite.h; sourceTree = "<group>"; };
		F9B3DFAE1BAB5E9A00DC2E93 /* lfg.h */ = {isa = PBXFileReference; fileEncoding = 4; lastKnownFileType = sourcecode.c.h; path = lfg.h; sourceTree = "<group>"; };
		F9B3DFAF1BAB5E9A00DC2E93 /* log.h */ = {isa = PBXFileReference; fileEncoding = 4; lastKnownFileType = sourcecode.c.h; path = log.h; sourceTree = "<group>"; };
		F9B3DFB01BAB5E9A00DC2E93 /* macros.h */ = {isa = PBXFileReference; fileEncoding = 4; lastKnownFileType = sourcecode.c.h; path = macros.h; sourceTree = "<group>"; };
		F9B3DFB11BAB5E9A00DC2E93 /* mathematics.h */ = {isa = PBXFileReference; fileEncoding = 4; lastKnownFileType = sourcecode.c.h; path = mathematics.h; sourceTree = "<group>"; };
		F9B3DFB21BAB5E9A00DC2E93 /* md5.h */ = {isa = PBXFileReference; fileEncoding = 4; lastKnownFileType = sourcecode.c.h; path = md5.h; sourceTree = "<group>"; };
		F9B3DFB31BAB5E9A00DC2E93 /* mem.h */ = {isa = PBXFileReference; fileEncoding = 4; lastKnownFileType = sourcecode.c.h; path = mem.h; sourceTree = "<group>"; };
		F9B3DFB41BAB5E9A00DC2E93 /* old_pix_fmts.h */ = {isa = PBXFileReference; fileEncoding = 4; lastKnownFileType = sourcecode.c.h; path = old_pix_fmts.h; sourceTree = "<group>"; };
		F9B3DFB51BAB5E9A00DC2E93 /* opt.h */ = {isa = PBXFileReference; fileEncoding = 4; lastKnownFileType = sourcecode.c.h; path = opt.h; sourceTree = "<group>"; };
		F9B3DFB61BAB5E9A00DC2E93 /* parseutils.h */ = {isa = PBXFileReference; fileEncoding = 4; lastKnownFileType = sourcecode.c.h; path = parseutils.h; sourceTree = "<group>"; };
		F9B3DFB71BAB5E9A00DC2E93 /* pixdesc.h */ = {isa = PBXFileReference; fileEncoding = 4; lastKnownFileType = sourcecode.c.h; path = pixdesc.h; sourceTree = "<group>"; };
		F9B3DFB81BAB5E9A00DC2E93 /* pixfmt.h */ = {isa = PBXFileReference; fileEncoding = 4; lastKnownFileType = sourcecode.c.h; path = pixfmt.h; sourceTree = "<group>"; };
		F9B3DFB91BAB5E9A00DC2E93 /* random_seed.h */ = {isa = PBXFileReference; fileEncoding = 4; lastKnownFileType = sourcecode.c.h; path = random_seed.h; sourceTree = "<group>"; };
		F9B3DFBA1BAB5E9A00DC2E93 /* rational.h */ = {isa = PBXFileReference; fileEncoding = 4; lastKnownFileType = sourcecode.c.h; path = rational.h; sourceTree = "<group>"; };
		F9B3DFBB1BAB5E9A00DC2E93 /* replaygain.h */ = {isa = PBXFileReference; fileEncoding = 4; lastKnownFileType = sourcecode.c.h; path = replaygain.h; sourceTree = "<group>"; };
		F9B3DFBC1BAB5E9A00DC2E93 /* samplefmt.h */ = {isa = PBXFileReference; fileEncoding = 4; lastKnownFileType = sourcecode.c.h; path = samplefmt.h; sourceTree = "<group>"; };
		F9B3DFBD1BAB5E9A00DC2E93 /* sha.h */ = {isa = PBXFileReference; fileEncoding = 4; lastKnownFileType = sourcecode.c.h; path = sha.h; sourceTree = "<group>"; };
		F9B3DFBE1BAB5E9A00DC2E93 /* stereo3d.h */ = {isa = PBXFileReference; fileEncoding = 4; lastKnownFileType = sourcecode.c.h; path = stereo3d.h; sourceTree = "<group>"; };
		F9B3DFBF1BAB5E9A00DC2E93 /* time.h */ = {isa = PBXFileReference; fileEncoding = 4; lastKnownFileType = sourcecode.c.h; path = time.h; sourceTree = "<group>"; };
		F9B3DFC01BAB5E9A00DC2E93 /* version.h */ = {isa = PBXFileReference; fileEncoding = 4; lastKnownFileType = sourcecode.c.h; path = version.h; sourceTree = "<group>"; };
		F9B3DFC11BAB5E9A00DC2E93 /* xtea.h */ = {isa = PBXFileReference; fileEncoding = 4; lastKnownFileType = sourcecode.c.h; path = xtea.h; sourceTree = "<group>"; };
		F9B3DFC31BAB5E9A00DC2E93 /* swscale.h */ = {isa = PBXFileReference; fileEncoding = 4; lastKnownFileType = sourcecode.c.h; path = swscale.h; sourceTree = "<group>"; };
		F9B3DFC41BAB5E9A00DC2E93 /* version.h */ = {isa = PBXFileReference; fileEncoding = 4; lastKnownFileType = sourcecode.c.h; path = version.h; sourceTree = "<group>"; };
		F9B3DFC61BAB5E9A00DC2E93 /* libavcodec.a */ = {isa = PBXFileReference; lastKnownFileType = archive.ar; path = libavcodec.a; sourceTree = "<group>"; };
		F9B3DFC71BAB5E9A00DC2E93 /* libavdevice.a */ = {isa = PBXFileReference; lastKnownFileType = archive.ar; path = libavdevice.a; sourceTree = "<group>"; };
		F9B3DFC81BAB5E9A00DC2E93 /* libavfilter.a */ = {isa = PBXFileReference; lastKnownFileType = archive.ar; path = libavfilter.a; sourceTree = "<group>"; };
		F9B3DFC91BAB5E9A00DC2E93 /* libavformat.a */ = {isa = PBXFileReference; lastKnownFileType = archive.ar; path = libavformat.a; sourceTree = "<group>"; };
		F9B3DFCA1BAB5E9A00DC2E93 /* libavutil.a */ = {isa = PBXFileReference; lastKnownFileType = archive.ar; path = libavutil.a; sourceTree = "<group>"; };
		F9B3DFCB1BAB5E9A00DC2E93 /* libswscale.a */ = {isa = PBXFileReference; lastKnownFileType = archive.ar; path = libswscale.a; sourceTree = "<group>"; };
		F9B3DFCE1BAB5E9A00DC2E93 /* speex.h */ = {isa = PBXFileReference; fileEncoding = 4; lastKnownFileType = sourcecode.c.h; path = speex.h; sourceTree = "<group>"; };
		F9B3DFCF1BAB5E9A00DC2E93 /* speex_bits.h */ = {isa = PBXFileReference; fileEncoding = 4; lastKnownFileType = sourcecode.c.h; path = speex_bits.h; sourceTree = "<group>"; };
		F9B3DFD01BAB5E9A00DC2E93 /* speex_callbacks.h */ = {isa = PBXFileReference; fileEncoding = 4; lastKnownFileType = sourcecode.c.h; path = speex_callbacks.h; sourceTree = "<group>"; };
		F9B3DFD11BAB5E9A00DC2E93 /* speex_config_types.h */ = {isa = PBXFileReference; fileEncoding = 4; lastKnownFileType = sourcecode.c.h; path = speex_config_types.h; sourceTree = "<group>"; };
		F9B3DFD21BAB5E9A00DC2E93 /* speex_header.h */ = {isa = PBXFileReference; fileEncoding = 4; lastKnownFileType = sourcecode.c.h; path = speex_header.h; sourceTree = "<group>"; };
		F9B3DFD31BAB5E9A00DC2E93 /* speex_stereo.h */ = {isa = PBXFileReference; fileEncoding = 4; lastKnownFileType = sourcecode.c.h; path = speex_stereo.h; sourceTree = "<group>"; };
		F9B3DFD41BAB5E9A00DC2E93 /* speex_types.h */ = {isa = PBXFileReference; fileEncoding = 4; lastKnownFileType = sourcecode.c.h; path = speex_types.h; sourceTree = "<group>"; };
		F9B3DFD61BAB5E9A00DC2E93 /* libspeex.a */ = {isa = PBXFileReference; lastKnownFileType = archive.ar; path = libspeex.a; sourceTree = "<group>"; };
		F9B3DFD91BAB5E9A00DC2E93 /* x264.h */ = {isa = PBXFileReference; fileEncoding = 4; lastKnownFileType = sourcecode.c.h; path = x264.h; sourceTree = "<group>"; };
		F9B3DFDA1BAB5E9A00DC2E93 /* x264_config.h */ = {isa = PBXFileReference; fileEncoding = 4; lastKnownFileType = sourcecode.c.h; path = x264_config.h; sourceTree = "<group>"; };
		F9B3DFDC1BAB5E9A00DC2E93 /* libx264.a */ = {isa = PBXFileReference; lastKnownFileType = archive.ar; path = libx264.a; sourceTree = "<group>"; };
		F9BBFA2514A49BA600C5B39B /* UIKit.framework */ = {isa = PBXFileReference; lastKnownFileType = wrapper.framework; name = UIKit.framework; path = System/Library/Frameworks/UIKit.framework; sourceTree = SDKROOT; };
		F9BBFA2714A49BA600C5B39B /* Foundation.framework */ = {isa = PBXFileReference; lastKnownFileType = wrapper.framework; name = Foundation.framework; path = System/Library/Frameworks/Foundation.framework; sourceTree = SDKROOT; };
		F9BBFA2914A49BA600C5B39B /* CoreGraphics.framework */ = {isa = PBXFileReference; lastKnownFileType = wrapper.framework; name = CoreGraphics.framework; path = System/Library/Frameworks/CoreGraphics.framework; sourceTree = SDKROOT; };
		F9BBFAB314A49E2400C5B39B /* AudioToolbox.framework */ = {isa = PBXFileReference; lastKnownFileType = wrapper.framework; name = AudioToolbox.framework; path = System/Library/Frameworks/AudioToolbox.framework; sourceTree = SDKROOT; };
		F9BBFAB414A49E2400C5B39B /* AVFoundation.framework */ = {isa = PBXFileReference; lastKnownFileType = wrapper.framework; name = AVFoundation.framework; path = System/Library/Frameworks/AVFoundation.framework; sourceTree = SDKROOT; };
		F9BBFAB514A49E2400C5B39B /* CoreFoundation.framework */ = {isa = PBXFileReference; lastKnownFileType = wrapper.framework; name = CoreFoundation.framework; path = System/Library/Frameworks/CoreFoundation.framework; sourceTree = SDKROOT; };
		F9BBFAB614A49E2400C5B39B /* CoreMedia.framework */ = {isa = PBXFileReference; lastKnownFileType = wrapper.framework; name = CoreMedia.framework; path = System/Library/Frameworks/CoreMedia.framework; sourceTree = SDKROOT; };
		F9BBFAB714A49E2400C5B39B /* CoreVideo.framework */ = {isa = PBXFileReference; lastKnownFileType = wrapper.framework; name = CoreVideo.framework; path = System/Library/Frameworks/CoreVideo.framework; sourceTree = SDKROOT; };
		F9BBFAB914A49E2400C5B39B /* Security.framework */ = {isa = PBXFileReference; lastKnownFileType = wrapper.framework; name = Security.framework; path = System/Library/Frameworks/Security.framework; sourceTree = SDKROOT; };
		F9F3EDB9161070D200B0EA20 /* Default-568h@2x.png */ = {isa = PBXFileReference; lastKnownFileType = image.png; path = "Default-568h@2x.png"; sourceTree = "<group>"; };
		F9F6992015AC5D01004B6F37 /* RTMPStreamPublisher.app */ = {isa = PBXFileReference; explicitFileType = wrapper.application; includeInIndex = 0; path = RTMPStreamPublisher.app; sourceTree = BUILT_PRODUCTS_DIR; };
		F9F6992715AC5D01004B6F37 /* RTMPStreamPublisher-Info.plist */ = {isa = PBXFileReference; lastKnownFileType = text.plist.xml; path = "RTMPStreamPublisher-Info.plist"; sourceTree = "<group>"; };
		F9F6992915AC5D01004B6F37 /* en */ = {isa = PBXFileReference; lastKnownFileType = text.plist.strings; name = en; path = en.lproj/InfoPlist.strings; sourceTree = "<group>"; };
		F9F6992B15AC5D01004B6F37 /* main.m */ = {isa = PBXFileReference; lastKnownFileType = sourcecode.c.objc; path = main.m; sourceTree = "<group>"; };
		F9F6992D15AC5D01004B6F37 /* RTMPStreamPublisher-Prefix.pch */ = {isa = PBXFileReference; lastKnownFileType = sourcecode.c.h; path = "RTMPStreamPublisher-Prefix.pch"; sourceTree = "<group>"; };
		F9F6992E15AC5D01004B6F37 /* AppDelegate.h */ = {isa = PBXFileReference; lastKnownFileType = sourcecode.c.h; path = AppDelegate.h; sourceTree = "<group>"; };
		F9F6992F15AC5D01004B6F37 /* AppDelegate.m */ = {isa = PBXFileReference; lastKnownFileType = sourcecode.c.objc; path = AppDelegate.m; sourceTree = "<group>"; };
		F9F6993215AC5D01004B6F37 /* en */ = {isa = PBXFileReference; lastKnownFileType = file.storyboard; name = en; path = en.lproj/MainStoryboard_iPhone.storyboard; sourceTree = "<group>"; };
		F9F6993515AC5D01004B6F37 /* en */ = {isa = PBXFileReference; lastKnownFileType = file.storyboard; name = en; path = en.lproj/MainStoryboard_iPad.storyboard; sourceTree = "<group>"; };
		F9F6993715AC5D01004B6F37 /* ViewController.h */ = {isa = PBXFileReference; lastKnownFileType = sourcecode.c.h; path = ViewController.h; sourceTree = "<group>"; };
		F9F6993815AC5D01004B6F37 /* ViewController.m */ = {isa = PBXFileReference; lastKnownFileType = sourcecode.c.objc; path = ViewController.m; sourceTree = "<group>"; };
		F9F7031C1652641D004FCA9B /* RTMPStreamComeback.app */ = {isa = PBXFileReference; explicitFileType = wrapper.application; includeInIndex = 0; path = RTMPStreamComeback.app; sourceTree = BUILT_PRODUCTS_DIR; };
		F9F703231652641D004FCA9B /* RTMPStreamComeback-Info.plist */ = {isa = PBXFileReference; lastKnownFileType = text.plist.xml; path = "RTMPStreamComeback-Info.plist"; sourceTree = "<group>"; };
		F9F703251652641D004FCA9B /* en */ = {isa = PBXFileReference; lastKnownFileType = text.plist.strings; name = en; path = en.lproj/InfoPlist.strings; sourceTree = "<group>"; };
		F9F703271652641D004FCA9B /* main.m */ = {isa = PBXFileReference; lastKnownFileType = sourcecode.c.objc; path = main.m; sourceTree = "<group>"; };
		F9F703291652641D004FCA9B /* RTMPStreamComeback-Prefix.pch */ = {isa = PBXFileReference; lastKnownFileType = sourcecode.c.h; path = "RTMPStreamComeback-Prefix.pch"; sourceTree = "<group>"; };
		F9F7032A1652641D004FCA9B /* AppDelegate.h */ = {isa = PBXFileReference; lastKnownFileType = sourcecode.c.h; path = AppDelegate.h; sourceTree = "<group>"; };
		F9F7032B1652641D004FCA9B /* AppDelegate.m */ = {isa = PBXFileReference; lastKnownFileType = sourcecode.c.objc; path = AppDelegate.m; sourceTree = "<group>"; };
		F9F7032D1652641D004FCA9B /* Default.png */ = {isa = PBXFileReference; lastKnownFileType = image.png; path = Default.png; sourceTree = "<group>"; };
		F9F7032F1652641D004FCA9B /* Default@2x.png */ = {isa = PBXFileReference; lastKnownFileType = image.png; path = "Default@2x.png"; sourceTree = "<group>"; };
		F9F703311652641D004FCA9B /* Default-568h@2x.png */ = {isa = PBXFileReference; lastKnownFileType = image.png; path = "Default-568h@2x.png"; sourceTree = "<group>"; };
		F9F703341652641D004FCA9B /* en */ = {isa = PBXFileReference; lastKnownFileType = file.storyboard; name = en; path = en.lproj/MainStoryboard_iPhone.storyboard; sourceTree = "<group>"; };
		F9F703371652641D004FCA9B /* en */ = {isa = PBXFileReference; lastKnownFileType = file.storyboard; name = en; path = en.lproj/MainStoryboard_iPad.storyboard; sourceTree = "<group>"; };
		F9F703391652641D004FCA9B /* ViewController.h */ = {isa = PBXFileReference; lastKnownFileType = sourcecode.c.h; path = ViewController.h; sourceTree = "<group>"; };
		F9F7033A1652641D004FCA9B /* ViewController.m */ = {isa = PBXFileReference; lastKnownFileType = sourcecode.c.objc; path = ViewController.m; sourceTree = "<group>"; };
/* End PBXFileReference section */

/* Begin PBXFrameworksBuildPhase section */
		F97DF9231B4147F200B310FB /* Frameworks */ = {
			isa = PBXFrameworksBuildPhase;
			buildActionMask = 2147483647;
			files = (
				F9B3E4E71BFDE5E30093F3A1 /* CoreData.framework in Frameworks */,
				F97DF94F1B41482000B310FB /* SystemConfiguration.framework in Frameworks */,
				F9B3DF721BAB5D0C00DC2E93 /* libsqlite3.tbd in Frameworks */,
				F9B3DF731BAB5D1100DC2E93 /* libz.tbd in Frameworks */,
				F9B3DFE01BAB5E9A00DC2E93 /* libavcodec.a in Frameworks */,
				F9B3DFE41BAB5E9A00DC2E93 /* libavdevice.a in Frameworks */,
				F9B3DFEC1BAB5E9A00DC2E93 /* libavformat.a in Frameworks */,
				F9B3DFF41BAB5E9A00DC2E93 /* libswscale.a in Frameworks */,
				F9B3DFF01BAB5E9A00DC2E93 /* libavutil.a in Frameworks */,
				F9B3DFE81BAB5E9A00DC2E93 /* libavfilter.a in Frameworks */,
				F9B3DFF81BAB5E9A00DC2E93 /* libspeex.a in Frameworks */,
				F9B3DFFC1BAB5E9A00DC2E93 /* libx264.a in Frameworks */,
				F97DF95A1B4148AE00B310FB /* CommLibiOS.a in Frameworks */,
				F97DF95B1B4148C600B310FB /* MediaLibiOS.a in Frameworks */,
			);
			runOnlyForDeploymentPostprocessing = 0;
		};
		F988F2A515AD843B0083CB14 /* Frameworks */ = {
			isa = PBXFrameworksBuildPhase;
			buildActionMask = 2147483647;
			files = (
				F9B3DF6E1BAB5CF500DC2E93 /* libsqlite3.tbd in Frameworks */,
				F9B3DF6F1BAB5CF900DC2E93 /* libz.tbd in Frameworks */,
				F9B3DFDE1BAB5E9A00DC2E93 /* libavcodec.a in Frameworks */,
				F988F2AA15AD843C0083CB14 /* UIKit.framework in Frameworks */,
				F988F2AB15AD843C0083CB14 /* Foundation.framework in Frameworks */,
				F97C89171705811500F0B611 /* CoreData.framework in Frameworks */,
				F988F2AC15AD843C0083CB14 /* CoreGraphics.framework in Frameworks */,
				F988F2C515AD844A0083CB14 /* CFNetwork.framework in Frameworks */,
				F988F2C615AD84540083CB14 /* AudioToolbox.framework in Frameworks */,
				D316A766190A71C1007E2610 /* CommLibiOS.a in Frameworks */,
				F9B3DFE21BAB5E9A00DC2E93 /* libavdevice.a in Frameworks */,
				F988F2C715AD84570083CB14 /* AVFoundation.framework in Frameworks */,
				D316A775190A71C2007E2610 /* MediaLibiOS.a in Frameworks */,
				F988F2C915AD847A0083CB14 /* CoreMedia.framework in Frameworks */,
				F988F2CA15AD847C0083CB14 /* CoreVideo.framework in Frameworks */,
				F9B3DFEA1BAB5E9A00DC2E93 /* libavformat.a in Frameworks */,
				F9B3DFF61BAB5E9A00DC2E93 /* libspeex.a in Frameworks */,
				F9B3DFF21BAB5E9A00DC2E93 /* libswscale.a in Frameworks */,
				F9B3DFEE1BAB5E9A00DC2E93 /* libavutil.a in Frameworks */,
				F9B3DFFA1BAB5E9A00DC2E93 /* libx264.a in Frameworks */,
				F988F2CB15AD847E0083CB14 /* Security.framework in Frameworks */,
				F9B3DFE61BAB5E9A00DC2E93 /* libavfilter.a in Frameworks */,
			);
			runOnlyForDeploymentPostprocessing = 0;
		};
		F9F6991D15AC5D01004B6F37 /* Frameworks */ = {
			isa = PBXFrameworksBuildPhase;
			buildActionMask = 2147483647;
			files = (
				F9B3DF6C1BAB5CE900DC2E93 /* libsqlite3.tbd in Frameworks */,
				F9B3DF6D1BAB5CE900DC2E93 /* libz.tbd in Frameworks */,
				F9B3DFDD1BAB5E9A00DC2E93 /* libavcodec.a in Frameworks */,
				F9F6992215AC5D01004B6F37 /* UIKit.framework in Frameworks */,
				F9F6992315AC5D01004B6F37 /* Foundation.framework in Frameworks */,
				F97C89161705810B00F0B611 /* CoreData.framework in Frameworks */,
				F9F6992415AC5D01004B6F37 /* CoreGraphics.framework in Frameworks */,
				F9F6993E15AC5FA3004B6F37 /* CFNetwork.framework in Frameworks */,
				F9F6993F15AC5FAE004B6F37 /* AudioToolbox.framework in Frameworks */,
				D316A765190A71C1007E2610 /* CommLibiOS.a in Frameworks */,
				F9B3DFE11BAB5E9A00DC2E93 /* libavdevice.a in Frameworks */,
				F9F6994015AC5FB2004B6F37 /* AVFoundation.framework in Frameworks */,
				D316A774190A71C2007E2610 /* MediaLibiOS.a in Frameworks */,
				F9F6994215AC5FB9004B6F37 /* CoreMedia.framework in Frameworks */,
				F9F6994315AC5FBD004B6F37 /* CoreVideo.framework in Frameworks */,
				F9B3DFE91BAB5E9A00DC2E93 /* libavformat.a in Frameworks */,
				F9B3DFF51BAB5E9A00DC2E93 /* libspeex.a in Frameworks */,
				F9B3DFF11BAB5E9A00DC2E93 /* libswscale.a in Frameworks */,
				F9B3DFED1BAB5E9A00DC2E93 /* libavutil.a in Frameworks */,
				F9B3DFF91BAB5E9A00DC2E93 /* libx264.a in Frameworks */,
				F9F6994415AC5FC0004B6F37 /* Security.framework in Frameworks */,
				F9B3DFE51BAB5E9A00DC2E93 /* libavfilter.a in Frameworks */,
			);
			runOnlyForDeploymentPostprocessing = 0;
		};
		F9F703191652641D004FCA9B /* Frameworks */ = {
			isa = PBXFrameworksBuildPhase;
			buildActionMask = 2147483647;
			files = (
				F9B3DF701BAB5D0000DC2E93 /* libsqlite3.tbd in Frameworks */,
				F9B3DF711BAB5D0400DC2E93 /* libz.tbd in Frameworks */,
				F9B3DFDF1BAB5E9A00DC2E93 /* libavcodec.a in Frameworks */,
				F9F7031E1652641D004FCA9B /* UIKit.framework in Frameworks */,
				F9F7031F1652641D004FCA9B /* Foundation.framework in Frameworks */,
				F97C89181705811E00F0B611 /* CoreData.framework in Frameworks */,
				F9F703201652641D004FCA9B /* CoreGraphics.framework in Frameworks */,
				F9F703401652646B004FCA9B /* CFNetwork.framework in Frameworks */,
				F9F7034116526472004FCA9B /* AudioToolbox.framework in Frameworks */,
				D316A767190A71C1007E2610 /* CommLibiOS.a in Frameworks */,
				F9B3DFE31BAB5E9A00DC2E93 /* libavdevice.a in Frameworks */,
				F9F7034216526476004FCA9B /* AVFoundation.framework in Frameworks */,
				D316A776190A71C2007E2610 /* MediaLibiOS.a in Frameworks */,
				F9F703441652647D004FCA9B /* CoreMedia.framework in Frameworks */,
				F9F7034616526484004FCA9B /* Security.framework in Frameworks */,
				F9B3DFEB1BAB5E9A00DC2E93 /* libavformat.a in Frameworks */,
				F9B3DFF71BAB5E9A00DC2E93 /* libspeex.a in Frameworks */,
				F9B3DFF31BAB5E9A00DC2E93 /* libswscale.a in Frameworks */,
				F9B3DFEF1BAB5E9A00DC2E93 /* libavutil.a in Frameworks */,
				F9B3DFFB1BAB5E9A00DC2E93 /* libx264.a in Frameworks */,
				F9F7034516526481004FCA9B /* CoreVideo.framework in Frameworks */,
				F9B3DFE71BAB5E9A00DC2E93 /* libavfilter.a in Frameworks */,
			);
			runOnlyForDeploymentPostprocessing = 0;
		};
/* End PBXFrameworksBuildPhase section */

/* Begin PBXGroup section */
		D316A740190A71C1007E2610 /* CommLibiOS */ = {
			isa = PBXGroup;
			children = (
				D316A741190A71C1007E2610 /* CommLibiOS.a */,
				D316A742190A71C1007E2610 /* doc */,
				D316A745190A71C1007E2610 /* include */,
			);
			path = CommLibiOS;
			sourceTree = "<group>";
		};
		D316A742190A71C1007E2610 /* doc */ = {
			isa = PBXGroup;
			children = (
				D316A743190A71C1007E2610 /* Communication Library for iOS User Guide.pdf */,
				D316A744190A71C1007E2610 /* WeborbClient Class Reference.odt */,
			);
			path = doc;
			sourceTree = "<group>";
		};
		D316A745190A71C1007E2610 /* include */ = {
			isa = PBXGroup;
			children = (
				D316A746190A71C1007E2610 /* AMFSerializer.h */,
				D316A747190A71C1007E2610 /* BinaryCodec.h */,
				D316A748190A71C1007E2610 /* BinaryStream.h */,
				D316A749190A71C1007E2610 /* DEBUG.h */,
				D316A74A190A71C1007E2610 /* FlashorbBinaryReader.h */,
				D316A74B190A71C1007E2610 /* FlashorbBinaryWriter.h */,
				D316A74C190A71C1007E2610 /* IAttributeStore.h */,
				D316A74D190A71C1007E2610 /* IClientSharedObject.h */,
				D316A74E190A71C1007E2610 /* IClientSharedObjectDelegate.h */,
				D316A74F190A71C1007E2610 /* IPendingServiceCallback.h */,
				D316A750190A71C1007E2610 /* IPersistable.h */,
				D316A751190A71C1007E2610 /* IRTMProtocol.h */,
				D316A752190A71C1007E2610 /* IServiceCall.h */,
				D316A753190A71C1007E2610 /* ISharedObjectListener.h */,
				D316A754190A71C1007E2610 /* MemoryTicker.h */,
				D316A755190A71C1007E2610 /* Responder.h */,
				D316A756190A71C1007E2610 /* RTMPClient.h */,
				D316A757190A71C1007E2610 /* Types.h */,
				D316A758190A71C1007E2610 /* WeborbClient.h */,
			);
			path = include;
			sourceTree = "<group>";
		};
		D316A759190A71C1007E2610 /* MediaLibiOS */ = {
			isa = PBXGroup;
			children = (
				D316A75A190A71C1007E2610 /* doc */,
				D316A75D190A71C1007E2610 /* include */,
				D316A764190A71C1007E2610 /* MediaLibiOS.a */,
			);
			path = MediaLibiOS;
			sourceTree = "<group>";
		};
		D316A75A190A71C1007E2610 /* doc */ = {
			isa = PBXGroup;
			children = (
				D316A75C190A71C1007E2610 /* Media Library for iOS User Guide.docx */,
			);
			path = doc;
			sourceTree = "<group>";
		};
		D316A75D190A71C1007E2610 /* include */ = {
			isa = PBXGroup;
			children = (
				D316A75E190A71C1007E2610 /* BroadcastStreamClient.h */,
				D316A75F190A71C1007E2610 /* MediaStreamPlayer.h */,
				D316A760190A71C1007E2610 /* MPMediaData.h */,
				D316A761190A71C1007E2610 /* MPMediaDecoder.h */,
				D316A762190A71C1007E2610 /* MPMediaEncoder.h */,
				D316A763190A71C1007E2610 /* VideoPlayer.h */,
			);
			path = include;
			sourceTree = "<group>";
		};
		F97DF9271B4147F200B310FB /* RTMPPhotoPublisher */ = {
			isa = PBXGroup;
			children = (
				F97DF92C1B4147F200B310FB /* AppDelegate.h */,
				F97DF92D1B4147F200B310FB /* AppDelegate.m */,
				F97DF92F1B4147F200B310FB /* ViewController.h */,
				F97DF9301B4147F200B310FB /* ViewController.m */,
				F97DF9321B4147F200B310FB /* Main.storyboard */,
				F97DF9351B4147F200B310FB /* Images.xcassets */,
				F97DF9371B4147F200B310FB /* LaunchScreen.xib */,
				F97DF9281B4147F200B310FB /* Supporting Files */,
			);
			path = RTMPPhotoPublisher;
			sourceTree = "<group>";
		};
		F97DF9281B4147F200B310FB /* Supporting Files */ = {
			isa = PBXGroup;
			children = (
				F97DF9291B4147F200B310FB /* Info.plist */,
				F97DF92A1B4147F200B310FB /* main.m */,
			);
			name = "Supporting Files";
			sourceTree = "<group>";
		};
		F97DF9411B4147F200B310FB /* RTMPPhotoPublisherTests */ = {
			isa = PBXGroup;
			children = (
				F97DF9441B4147F200B310FB /* RTMPPhotoPublisherTests.m */,
				F97DF9421B4147F200B310FB /* Supporting Files */,
			);
			path = RTMPPhotoPublisherTests;
			sourceTree = "<group>";
		};
		F97DF9421B4147F200B310FB /* Supporting Files */ = {
			isa = PBXGroup;
			children = (
				F97DF9431B4147F200B310FB /* Info.plist */,
			);
			name = "Supporting Files";
			sourceTree = "<group>";
		};
		F988F2AD15AD843C0083CB14 /* RTMPStreamPlayer */ = {
			isa = PBXGroup;
			children = (
				F988F2BF15AD843C0083CB14 /* ViewController.h */,
				F988F2C015AD843C0083CB14 /* ViewController.m */,
				F988F2B615AD843C0083CB14 /* AppDelegate.h */,
				F988F2B715AD843C0083CB14 /* AppDelegate.m */,
				F988F2B915AD843C0083CB14 /* MainStoryboard_iPhone.storyboard */,
				F988F2BC15AD843C0083CB14 /* MainStoryboard_iPad.storyboard */,
				F988F2AE15AD843C0083CB14 /* Supporting Files */,
			);
			path = RTMPStreamPlayer;
			sourceTree = "<group>";
		};
		F988F2AE15AD843C0083CB14 /* Supporting Files */ = {
			isa = PBXGroup;
			children = (
				F988F2AF15AD843C0083CB14 /* RTMPStreamPlayer-Info.plist */,
				F988F2B015AD843C0083CB14 /* InfoPlist.strings */,
				F988F2B315AD843C0083CB14 /* main.m */,
				F988F2B515AD843C0083CB14 /* RTMPStreamPlayer-Prefix.pch */,
			);
			name = "Supporting Files";
			sourceTree = "<group>";
		};
		F9B3DF741BAB5E9A00DC2E93 /* libav-11.4 */ = {
			isa = PBXGroup;
			children = (
				F9B3DF751BAB5E9A00DC2E93 /* include */,
				F9B3DFC51BAB5E9A00DC2E93 /* lib */,
			);
			path = "libav-11.4";
			sourceTree = "<group>";
		};
		F9B3DF751BAB5E9A00DC2E93 /* include */ = {
			isa = PBXGroup;
			children = (
				F9B3DF761BAB5E9A00DC2E93 /* libavcodec */,
				F9B3DF801BAB5E9A00DC2E93 /* libavdevice */,
				F9B3DF831BAB5E9A00DC2E93 /* libavfilter */,
				F9B3DF891BAB5E9A00DC2E93 /* libavformat */,
				F9B3DF8D1BAB5E9A00DC2E93 /* libavresample */,
				F9B3DF901BAB5E9A00DC2E93 /* libavutil */,
				F9B3DFC21BAB5E9A00DC2E93 /* libswscale */,
			);
			path = include;
			sourceTree = "<group>";
		};
		F9B3DF761BAB5E9A00DC2E93 /* libavcodec */ = {
			isa = PBXGroup;
			children = (
				F9B3DF771BAB5E9A00DC2E93 /* avcodec.h */,
				F9B3DF781BAB5E9A00DC2E93 /* avfft.h */,
				F9B3DF791BAB5E9A00DC2E93 /* dv_profile.h */,
				F9B3DF7A1BAB5E9A00DC2E93 /* dxva2.h */,
				F9B3DF7B1BAB5E9A00DC2E93 /* vaapi.h */,
				F9B3DF7C1BAB5E9A00DC2E93 /* vda.h */,
				F9B3DF7D1BAB5E9A00DC2E93 /* vdpau.h */,
				F9B3DF7E1BAB5E9A00DC2E93 /* version.h */,
				F9B3DF7F1BAB5E9A00DC2E93 /* xvmc.h */,
			);
			path = libavcodec;
			sourceTree = "<group>";
		};
		F9B3DF801BAB5E9A00DC2E93 /* libavdevice */ = {
			isa = PBXGroup;
			children = (
				F9B3DF811BAB5E9A00DC2E93 /* avdevice.h */,
				F9B3DF821BAB5E9A00DC2E93 /* version.h */,
			);
			path = libavdevice;
			sourceTree = "<group>";
		};
		F9B3DF831BAB5E9A00DC2E93 /* libavfilter */ = {
			isa = PBXGroup;
			children = (
				F9B3DF841BAB5E9A00DC2E93 /* avfilter.h */,
				F9B3DF851BAB5E9A00DC2E93 /* avfiltergraph.h */,
				F9B3DF861BAB5E9A00DC2E93 /* buffersink.h */,
				F9B3DF871BAB5E9A00DC2E93 /* buffersrc.h */,
				F9B3DF881BAB5E9A00DC2E93 /* version.h */,
			);
			path = libavfilter;
			sourceTree = "<group>";
		};
		F9B3DF891BAB5E9A00DC2E93 /* libavformat */ = {
			isa = PBXGroup;
			children = (
				F9B3DF8A1BAB5E9A00DC2E93 /* avformat.h */,
				F9B3DF8B1BAB5E9A00DC2E93 /* avio.h */,
				F9B3DF8C1BAB5E9A00DC2E93 /* version.h */,
			);
			path = libavformat;
			sourceTree = "<group>";
		};
		F9B3DF8D1BAB5E9A00DC2E93 /* libavresample */ = {
			isa = PBXGroup;
			children = (
				F9B3DF8E1BAB5E9A00DC2E93 /* avresample.h */,
				F9B3DF8F1BAB5E9A00DC2E93 /* version.h */,
			);
			path = libavresample;
			sourceTree = "<group>";
		};
		F9B3DF901BAB5E9A00DC2E93 /* libavutil */ = {
			isa = PBXGroup;
			children = (
				F9B3DF911BAB5E9A00DC2E93 /* adler32.h */,
				F9B3DF921BAB5E9A00DC2E93 /* aes.h */,
				F9B3DF931BAB5E9A00DC2E93 /* attributes.h */,
				F9B3DF941BAB5E9A00DC2E93 /* audio_fifo.h */,
				F9B3DF951BAB5E9A00DC2E93 /* audioconvert.h */,
				F9B3DF961BAB5E9A00DC2E93 /* avassert.h */,
				F9B3DF971BAB5E9A00DC2E93 /* avconfig.h */,
				F9B3DF981BAB5E9A00DC2E93 /* avstring.h */,
				F9B3DF991BAB5E9A00DC2E93 /* avutil.h */,
				F9B3DF9A1BAB5E9A00DC2E93 /* base64.h */,
				F9B3DF9B1BAB5E9A00DC2E93 /* blowfish.h */,
				F9B3DF9C1BAB5E9A00DC2E93 /* bswap.h */,
				F9B3DF9D1BAB5E9A00DC2E93 /* buffer.h */,
				F9B3DF9E1BAB5E9A00DC2E93 /* channel_layout.h */,
				F9B3DF9F1BAB5E9A00DC2E93 /* common.h */,
				F9B3DFA01BAB5E9A00DC2E93 /* cpu.h */,
				F9B3DFA11BAB5E9A00DC2E93 /* crc.h */,
				F9B3DFA21BAB5E9A00DC2E93 /* dict.h */,
				F9B3DFA31BAB5E9A00DC2E93 /* display.h */,
				F9B3DFA41BAB5E9A00DC2E93 /* downmix_info.h */,
				F9B3DFA51BAB5E9A00DC2E93 /* error.h */,
				F9B3DFA61BAB5E9A00DC2E93 /* eval.h */,
				F9B3DFA71BAB5E9A00DC2E93 /* fifo.h */,
				F9B3DFA81BAB5E9A00DC2E93 /* file.h */,
				F9B3DFA91BAB5E9A00DC2E93 /* frame.h */,
				F9B3DFAA1BAB5E9A00DC2E93 /* hmac.h */,
				F9B3DFAB1BAB5E9A00DC2E93 /* imgutils.h */,
				F9B3DFAC1BAB5E9A00DC2E93 /* intfloat.h */,
				F9B3DFAD1BAB5E9A00DC2E93 /* intreadwrite.h */,
				F9B3DFAE1BAB5E9A00DC2E93 /* lfg.h */,
				F9B3DFAF1BAB5E9A00DC2E93 /* log.h */,
				F9B3DFB01BAB5E9A00DC2E93 /* macros.h */,
				F9B3DFB11BAB5E9A00DC2E93 /* mathematics.h */,
				F9B3DFB21BAB5E9A00DC2E93 /* md5.h */,
				F9B3DFB31BAB5E9A00DC2E93 /* mem.h */,
				F9B3DFB41BAB5E9A00DC2E93 /* old_pix_fmts.h */,
				F9B3DFB51BAB5E9A00DC2E93 /* opt.h */,
				F9B3DFB61BAB5E9A00DC2E93 /* parseutils.h */,
				F9B3DFB71BAB5E9A00DC2E93 /* pixdesc.h */,
				F9B3DFB81BAB5E9A00DC2E93 /* pixfmt.h */,
				F9B3DFB91BAB5E9A00DC2E93 /* random_seed.h */,
				F9B3DFBA1BAB5E9A00DC2E93 /* rational.h */,
				F9B3DFBB1BAB5E9A00DC2E93 /* replaygain.h */,
				F9B3DFBC1BAB5E9A00DC2E93 /* samplefmt.h */,
				F9B3DFBD1BAB5E9A00DC2E93 /* sha.h */,
				F9B3DFBE1BAB5E9A00DC2E93 /* stereo3d.h */,
				F9B3DFBF1BAB5E9A00DC2E93 /* time.h */,
				F9B3DFC01BAB5E9A00DC2E93 /* version.h */,
				F9B3DFC11BAB5E9A00DC2E93 /* xtea.h */,
			);
			path = libavutil;
			sourceTree = "<group>";
		};
		F9B3DFC21BAB5E9A00DC2E93 /* libswscale */ = {
			isa = PBXGroup;
			children = (
				F9B3DFC31BAB5E9A00DC2E93 /* swscale.h */,
				F9B3DFC41BAB5E9A00DC2E93 /* version.h */,
			);
			path = libswscale;
			sourceTree = "<group>";
		};
		F9B3DFC51BAB5E9A00DC2E93 /* lib */ = {
			isa = PBXGroup;
			children = (
				F9B3DFC61BAB5E9A00DC2E93 /* libavcodec.a */,
				F9B3DFC71BAB5E9A00DC2E93 /* libavdevice.a */,
				F9B3DFC81BAB5E9A00DC2E93 /* libavfilter.a */,
				F9B3DFC91BAB5E9A00DC2E93 /* libavformat.a */,
				F9B3DFCA1BAB5E9A00DC2E93 /* libavutil.a */,
				F9B3DFCB1BAB5E9A00DC2E93 /* libswscale.a */,
			);
			path = lib;
			sourceTree = "<group>";
		};
		F9B3DFCC1BAB5E9A00DC2E93 /* speex-1.2rc2 */ = {
			isa = PBXGroup;
			children = (
				F9B3DFCD1BAB5E9A00DC2E93 /* include */,
				F9B3DFD51BAB5E9A00DC2E93 /* lib */,
			);
			path = "speex-1.2rc2";
			sourceTree = "<group>";
		};
		F9B3DFCD1BAB5E9A00DC2E93 /* include */ = {
			isa = PBXGroup;
			children = (
				F9B3DFCE1BAB5E9A00DC2E93 /* speex.h */,
				F9B3DFCF1BAB5E9A00DC2E93 /* speex_bits.h */,
				F9B3DFD01BAB5E9A00DC2E93 /* speex_callbacks.h */,
				F9B3DFD11BAB5E9A00DC2E93 /* speex_config_types.h */,
				F9B3DFD21BAB5E9A00DC2E93 /* speex_header.h */,
				F9B3DFD31BAB5E9A00DC2E93 /* speex_stereo.h */,
				F9B3DFD41BAB5E9A00DC2E93 /* speex_types.h */,
			);
			path = include;
			sourceTree = "<group>";
		};
		F9B3DFD51BAB5E9A00DC2E93 /* lib */ = {
			isa = PBXGroup;
			children = (
				F9B3DFD61BAB5E9A00DC2E93 /* libspeex.a */,
			);
			path = lib;
			sourceTree = "<group>";
		};
		F9B3DFD71BAB5E9A00DC2E93 /* x264 */ = {
			isa = PBXGroup;
			children = (
				F9B3DFD81BAB5E9A00DC2E93 /* include */,
				F9B3DFDB1BAB5E9A00DC2E93 /* lib */,
			);
			path = x264;
			sourceTree = "<group>";
		};
		F9B3DFD81BAB5E9A00DC2E93 /* include */ = {
			isa = PBXGroup;
			children = (
				F9B3DFD91BAB5E9A00DC2E93 /* x264.h */,
				F9B3DFDA1BAB5E9A00DC2E93 /* x264_config.h */,
			);
			path = include;
			sourceTree = "<group>";
		};
		F9B3DFDB1BAB5E9A00DC2E93 /* lib */ = {
			isa = PBXGroup;
			children = (
				F9B3DFDC1BAB5E9A00DC2E93 /* libx264.a */,
			);
			path = lib;
			sourceTree = "<group>";
		};
		F9BBFA1614A49BA500C5B39B = {
			isa = PBXGroup;
			children = (
				D353120F19E82CA400895ACC /* README.md */,
				F9F3EDB8161070D200B0EA20 /* art */,
				F9BBFA8714A49D0C00C5B39B /* lib */,
				F9F6992515AC5D01004B6F37 /* RTMPStreamPublisher */,
				F988F2AD15AD843C0083CB14 /* RTMPStreamPlayer */,
				F9F703211652641D004FCA9B /* RTMPStreamComeback */,
				F97DF9271B4147F200B310FB /* RTMPPhotoPublisher */,
				F97DF9411B4147F200B310FB /* RTMPPhotoPublisherTests */,
				F9BBFA2414A49BA600C5B39B /* Frameworks */,
				F9BBFA2214A49BA600C5B39B /* Products */,
			);
			sourceTree = "<group>";
		};
		F9BBFA2214A49BA600C5B39B /* Products */ = {
			isa = PBXGroup;
			children = (
				F9F6992015AC5D01004B6F37 /* RTMPStreamPublisher.app */,
				F988F2A815AD843B0083CB14 /* RTMPStreamPlayer.app */,
				F9F7031C1652641D004FCA9B /* RTMPStreamComeback.app */,
				F97DF9261B4147F200B310FB /* RTMPPhotoPublisher.app */,
			);
			name = Products;
			sourceTree = "<group>";
		};
		F9BBFA2414A49BA600C5B39B /* Frameworks */ = {
			isa = PBXGroup;
			children = (
				F9B3DF6A1BAB5CE900DC2E93 /* libsqlite3.tbd */,
				F9B3DF6B1BAB5CE900DC2E93 /* libz.tbd */,
				F904F05B1B3D56F3006BDB58 /* SystemConfiguration.framework */,
				F959131F14DC2E8E00A3EB94 /* CFNetwork.framework */,
				F9BBFA2514A49BA600C5B39B /* UIKit.framework */,
				F9BBFA2714A49BA600C5B39B /* Foundation.framework */,
				F9BBFA2914A49BA600C5B39B /* CoreGraphics.framework */,
				F9BBFAB314A49E2400C5B39B /* AudioToolbox.framework */,
				F9BBFAB414A49E2400C5B39B /* AVFoundation.framework */,
				F9BBFAB514A49E2400C5B39B /* CoreFoundation.framework */,
				F9BBFAB614A49E2400C5B39B /* CoreMedia.framework */,
				F9BBFAB714A49E2400C5B39B /* CoreVideo.framework */,
				F9BBFAB914A49E2400C5B39B /* Security.framework */,
				F97C8914170580EC00F0B611 /* CoreData.framework */,
			);
			name = Frameworks;
			sourceTree = "<group>";
		};
		F9BBFA8714A49D0C00C5B39B /* lib */ = {
			isa = PBXGroup;
			children = (
				F9B3DF741BAB5E9A00DC2E93 /* libav-11.4 */,
				F9B3DFCC1BAB5E9A00DC2E93 /* speex-1.2rc2 */,
				F9B3DFD71BAB5E9A00DC2E93 /* x264 */,
				D316A740190A71C1007E2610 /* CommLibiOS */,
				D316A759190A71C1007E2610 /* MediaLibiOS */,
			);
			path = lib;
			sourceTree = "<group>";
		};
		F9F3EDB8161070D200B0EA20 /* art */ = {
			isa = PBXGroup;
			children = (
				F9F3EDB9161070D200B0EA20 /* Default-568h@2x.png */,
			);
			path = art;
			sourceTree = "<group>";
		};
		F9F6992515AC5D01004B6F37 /* RTMPStreamPublisher */ = {
			isa = PBXGroup;
			children = (
				F9F6993715AC5D01004B6F37 /* ViewController.h */,
				F9F6993815AC5D01004B6F37 /* ViewController.m */,
				F9F6992E15AC5D01004B6F37 /* AppDelegate.h */,
				F9F6992F15AC5D01004B6F37 /* AppDelegate.m */,
				F9F6993115AC5D01004B6F37 /* MainStoryboard_iPhone.storyboard */,
				F9F6993415AC5D01004B6F37 /* MainStoryboard_iPad.storyboard */,
				F9F6992615AC5D01004B6F37 /* Supporting Files */,
			);
			path = RTMPStreamPublisher;
			sourceTree = "<group>";
		};
		F9F6992615AC5D01004B6F37 /* Supporting Files */ = {
			isa = PBXGroup;
			children = (
				F9F6992715AC5D01004B6F37 /* RTMPStreamPublisher-Info.plist */,
				F9F6992815AC5D01004B6F37 /* InfoPlist.strings */,
				F9F6992B15AC5D01004B6F37 /* main.m */,
				F9F6992D15AC5D01004B6F37 /* RTMPStreamPublisher-Prefix.pch */,
			);
			name = "Supporting Files";
			sourceTree = "<group>";
		};
		F9F703211652641D004FCA9B /* RTMPStreamComeback */ = {
			isa = PBXGroup;
			children = (
				F9F703391652641D004FCA9B /* ViewController.h */,
				F9F7033A1652641D004FCA9B /* ViewController.m */,
				F9F7032A1652641D004FCA9B /* AppDelegate.h */,
				F9F7032B1652641D004FCA9B /* AppDelegate.m */,
				F9F703331652641D004FCA9B /* MainStoryboard_iPhone.storyboard */,
				F9F703361652641D004FCA9B /* MainStoryboard_iPad.storyboard */,
				F9F703221652641D004FCA9B /* Supporting Files */,
			);
			path = RTMPStreamComeback;
			sourceTree = "<group>";
		};
		F9F703221652641D004FCA9B /* Supporting Files */ = {
			isa = PBXGroup;
			children = (
				F9F703231652641D004FCA9B /* RTMPStreamComeback-Info.plist */,
				F9F703241652641D004FCA9B /* InfoPlist.strings */,
				F9F703271652641D004FCA9B /* main.m */,
				F9F703291652641D004FCA9B /* RTMPStreamComeback-Prefix.pch */,
				F9F7032D1652641D004FCA9B /* Default.png */,
				F9F7032F1652641D004FCA9B /* Default@2x.png */,
				F9F703311652641D004FCA9B /* Default-568h@2x.png */,
			);
			name = "Supporting Files";
			sourceTree = "<group>";
		};
/* End PBXGroup section */

/* Begin PBXNativeTarget section */
		F97DF9251B4147F200B310FB /* RTMPPhotoPublisher */ = {
			isa = PBXNativeTarget;
			buildConfigurationList = F97DF94A1B4147F200B310FB /* Build configuration list for PBXNativeTarget "RTMPPhotoPublisher" */;
			buildPhases = (
				F97DF9221B4147F200B310FB /* Sources */,
				F97DF9231B4147F200B310FB /* Frameworks */,
				F97DF9241B4147F200B310FB /* Resources */,
			);
			buildRules = (
			);
			dependencies = (
			);
			name = RTMPPhotoPublisher;
			productName = RTMPPhotoPublisher;
			productReference = F97DF9261B4147F200B310FB /* RTMPPhotoPublisher.app */;
			productType = "com.apple.product-type.application";
		};
		F988F2A715AD843B0083CB14 /* RTMPStreamPlayer */ = {
			isa = PBXNativeTarget;
			buildConfigurationList = F988F2C215AD843C0083CB14 /* Build configuration list for PBXNativeTarget "RTMPStreamPlayer" */;
			buildPhases = (
				F988F2A415AD843B0083CB14 /* Sources */,
				F988F2A515AD843B0083CB14 /* Frameworks */,
				F988F2A615AD843B0083CB14 /* Resources */,
			);
			buildRules = (
			);
			dependencies = (
			);
			name = RTMPStreamPlayer;
			productName = RTMPStreamPlayer;
			productReference = F988F2A815AD843B0083CB14 /* RTMPStreamPlayer.app */;
			productType = "com.apple.product-type.application";
		};
		F9F6991F15AC5D01004B6F37 /* RTMPStreamPublisher */ = {
			isa = PBXNativeTarget;
			buildConfigurationList = F9F6993C15AC5D01004B6F37 /* Build configuration list for PBXNativeTarget "RTMPStreamPublisher" */;
			buildPhases = (
				F9F6991C15AC5D01004B6F37 /* Sources */,
				F9F6991D15AC5D01004B6F37 /* Frameworks */,
				F9F6991E15AC5D01004B6F37 /* Resources */,
			);
			buildRules = (
			);
			dependencies = (
			);
			name = RTMPStreamPublisher;
			productName = RTMPStreamPublisher;
			productReference = F9F6992015AC5D01004B6F37 /* RTMPStreamPublisher.app */;
			productType = "com.apple.product-type.application";
		};
		F9F7031B1652641D004FCA9B /* RTMPStreamComeback */ = {
			isa = PBXNativeTarget;
			buildConfigurationList = F9F7033E1652641D004FCA9B /* Build configuration list for PBXNativeTarget "RTMPStreamComeback" */;
			buildPhases = (
				F9F703181652641D004FCA9B /* Sources */,
				F9F703191652641D004FCA9B /* Frameworks */,
				F9F7031A1652641D004FCA9B /* Resources */,
			);
			buildRules = (
			);
			dependencies = (
			);
			name = RTMPStreamComeback;
			productName = RTMPStreamComeback;
			productReference = F9F7031C1652641D004FCA9B /* RTMPStreamComeback.app */;
			productType = "com.apple.product-type.application";
		};
/* End PBXNativeTarget section */

/* Begin PBXProject section */
		F9BBFA1814A49BA500C5B39B /* Project object */ = {
			isa = PBXProject;
			attributes = {
				LastUpgradeCheck = 0700;
				ORGANIZATIONNAME = "The Midnight Coders, Inc.";
				TargetAttributes = {
					F97DF9251B4147F200B310FB = {
						CreatedOnToolsVersion = 6.3.2;
					};
					F988F2A715AD843B0083CB14 = {
						DevelopmentTeam = 73FSJC7BUF;
					};
					F9F6991F15AC5D01004B6F37 = {
						DevelopmentTeam = 73FSJC7BUF;
					};
				};
			};
			buildConfigurationList = F9BBFA1B14A49BA500C5B39B /* Build configuration list for PBXProject "MediaLibDemos" */;
			compatibilityVersion = "Xcode 3.2";
			developmentRegion = English;
			hasScannedForEncodings = 0;
			knownRegions = (
				en,
				Base,
			);
			mainGroup = F9BBFA1614A49BA500C5B39B;
			productRefGroup = F9BBFA2214A49BA600C5B39B /* Products */;
			projectDirPath = "";
			projectRoot = "";
			targets = (
				F9F6991F15AC5D01004B6F37 /* RTMPStreamPublisher */,
				F988F2A715AD843B0083CB14 /* RTMPStreamPlayer */,
				F9F7031B1652641D004FCA9B /* RTMPStreamComeback */,
				F97DF9251B4147F200B310FB /* RTMPPhotoPublisher */,
			);
		};
/* End PBXProject section */

/* Begin PBXResourcesBuildPhase section */
		F97DF9241B4147F200B310FB /* Resources */ = {
			isa = PBXResourcesBuildPhase;
			buildActionMask = 2147483647;
			files = (
				F97DF9341B4147F200B310FB /* Main.storyboard in Resources */,
				F97DF9391B4147F200B310FB /* LaunchScreen.xib in Resources */,
				F97DF9361B4147F200B310FB /* Images.xcassets in Resources */,
			);
			runOnlyForDeploymentPostprocessing = 0;
		};
		F988F2A615AD843B0083CB14 /* Resources */ = {
			isa = PBXResourcesBuildPhase;
			buildActionMask = 2147483647;
			files = (
				D316A769190A71C2007E2610 /* Communication Library for iOS User Guide.pdf in Resources */,
				F988F2B215AD843C0083CB14 /* InfoPlist.strings in Resources */,
				F988F2BB15AD843C0083CB14 /* MainStoryboard_iPhone.storyboard in Resources */,
				F988F2BE15AD843C0083CB14 /* MainStoryboard_iPad.storyboard in Resources */,
				D316A76C190A71C2007E2610 /* WeborbClient Class Reference.odt in Resources */,
				F9F3EDBB161070D200B0EA20 /* Default-568h@2x.png in Resources */,
				D316A772190A71C2007E2610 /* Media Library for iOS User Guide.docx in Resources */,
			);
			runOnlyForDeploymentPostprocessing = 0;
		};
		F9F6991E15AC5D01004B6F37 /* Resources */ = {
			isa = PBXResourcesBuildPhase;
			buildActionMask = 2147483647;
			files = (
				D316A768190A71C2007E2610 /* Communication Library for iOS User Guide.pdf in Resources */,
				F9F6992A15AC5D01004B6F37 /* InfoPlist.strings in Resources */,
				F9F6993315AC5D01004B6F37 /* MainStoryboard_iPhone.storyboard in Resources */,
				F9F6993615AC5D01004B6F37 /* MainStoryboard_iPad.storyboard in Resources */,
				D316A76B190A71C2007E2610 /* WeborbClient Class Reference.odt in Resources */,
				F9F3EDBA161070D200B0EA20 /* Default-568h@2x.png in Resources */,
				D316A771190A71C2007E2610 /* Media Library for iOS User Guide.docx in Resources */,
			);
			runOnlyForDeploymentPostprocessing = 0;
		};
		F9F7031A1652641D004FCA9B /* Resources */ = {
			isa = PBXResourcesBuildPhase;
			buildActionMask = 2147483647;
			files = (
				D316A76A190A71C2007E2610 /* Communication Library for iOS User Guide.pdf in Resources */,
				F9F703261652641D004FCA9B /* InfoPlist.strings in Resources */,
				F9F703321652641D004FCA9B /* Default-568h@2x.png in Resources */,
				F9F703351652641D004FCA9B /* MainStoryboard_iPhone.storyboard in Resources */,
				D316A76D190A71C2007E2610 /* WeborbClient Class Reference.odt in Resources */,
				F9F703381652641D004FCA9B /* MainStoryboard_iPad.storyboard in Resources */,
				D316A773190A71C2007E2610 /* Media Library for iOS User Guide.docx in Resources */,
			);
			runOnlyForDeploymentPostprocessing = 0;
		};
/* End PBXResourcesBuildPhase section */

/* Begin PBXSourcesBuildPhase section */
		F97DF9221B4147F200B310FB /* Sources */ = {
			isa = PBXSourcesBuildPhase;
			buildActionMask = 2147483647;
			files = (
				F97DF9311B4147F200B310FB /* ViewController.m in Sources */,
				F97DF92E1B4147F200B310FB /* AppDelegate.m in Sources */,
				F97DF92B1B4147F200B310FB /* main.m in Sources */,
			);
			runOnlyForDeploymentPostprocessing = 0;
		};
		F988F2A415AD843B0083CB14 /* Sources */ = {
			isa = PBXSourcesBuildPhase;
			buildActionMask = 2147483647;
			files = (
				F988F2B415AD843C0083CB14 /* main.m in Sources */,
				F988F2B815AD843C0083CB14 /* AppDelegate.m in Sources */,
				F988F2C115AD843C0083CB14 /* ViewController.m in Sources */,
			);
			runOnlyForDeploymentPostprocessing = 0;
		};
		F9F6991C15AC5D01004B6F37 /* Sources */ = {
			isa = PBXSourcesBuildPhase;
			buildActionMask = 2147483647;
			files = (
				F9F6992C15AC5D01004B6F37 /* main.m in Sources */,
				F9F6993015AC5D01004B6F37 /* AppDelegate.m in Sources */,
				F9F6993915AC5D01004B6F37 /* ViewController.m in Sources */,
			);
			runOnlyForDeploymentPostprocessing = 0;
		};
		F9F703181652641D004FCA9B /* Sources */ = {
			isa = PBXSourcesBuildPhase;
			buildActionMask = 2147483647;
			files = (
				F9F703281652641D004FCA9B /* main.m in Sources */,
				F9F7032C1652641D004FCA9B /* AppDelegate.m in Sources */,
				F9F7033B1652641D004FCA9B /* ViewController.m in Sources */,
			);
			runOnlyForDeploymentPostprocessing = 0;
		};
/* End PBXSourcesBuildPhase section */

/* Begin PBXVariantGroup section */
		F97DF9321B4147F200B310FB /* Main.storyboard */ = {
			isa = PBXVariantGroup;
			children = (
				F97DF9331B4147F200B310FB /* Base */,
			);
			name = Main.storyboard;
			sourceTree = "<group>";
		};
		F97DF9371B4147F200B310FB /* LaunchScreen.xib */ = {
			isa = PBXVariantGroup;
			children = (
				F97DF9381B4147F200B310FB /* Base */,
			);
			name = LaunchScreen.xib;
			sourceTree = "<group>";
		};
		F988F2B015AD843C0083CB14 /* InfoPlist.strings */ = {
			isa = PBXVariantGroup;
			children = (
				F988F2B115AD843C0083CB14 /* en */,
			);
			name = InfoPlist.strings;
			sourceTree = "<group>";
		};
		F988F2B915AD843C0083CB14 /* MainStoryboard_iPhone.storyboard */ = {
			isa = PBXVariantGroup;
			children = (
				F988F2BA15AD843C0083CB14 /* en */,
			);
			name = MainStoryboard_iPhone.storyboard;
			sourceTree = "<group>";
		};
		F988F2BC15AD843C0083CB14 /* MainStoryboard_iPad.storyboard */ = {
			isa = PBXVariantGroup;
			children = (
				F988F2BD15AD843C0083CB14 /* en */,
			);
			name = MainStoryboard_iPad.storyboard;
			sourceTree = "<group>";
		};
		F9F6992815AC5D01004B6F37 /* InfoPlist.strings */ = {
			isa = PBXVariantGroup;
			children = (
				F9F6992915AC5D01004B6F37 /* en */,
			);
			name = InfoPlist.strings;
			sourceTree = "<group>";
		};
		F9F6993115AC5D01004B6F37 /* MainStoryboard_iPhone.storyboard */ = {
			isa = PBXVariantGroup;
			children = (
				F9F6993215AC5D01004B6F37 /* en */,
			);
			name = MainStoryboard_iPhone.storyboard;
			sourceTree = "<group>";
		};
		F9F6993415AC5D01004B6F37 /* MainStoryboard_iPad.storyboard */ = {
			isa = PBXVariantGroup;
			children = (
				F9F6993515AC5D01004B6F37 /* en */,
			);
			name = MainStoryboard_iPad.storyboard;
			sourceTree = "<group>";
		};
		F9F703241652641D004FCA9B /* InfoPlist.strings */ = {
			isa = PBXVariantGroup;
			children = (
				F9F703251652641D004FCA9B /* en */,
			);
			name = InfoPlist.strings;
			sourceTree = "<group>";
		};
		F9F703331652641D004FCA9B /* MainStoryboard_iPhone.storyboard */ = {
			isa = PBXVariantGroup;
			children = (
				F9F703341652641D004FCA9B /* en */,
			);
			name = MainStoryboard_iPhone.storyboard;
			sourceTree = "<group>";
		};
		F9F703361652641D004FCA9B /* MainStoryboard_iPad.storyboard */ = {
			isa = PBXVariantGroup;
			children = (
				F9F703371652641D004FCA9B /* en */,
			);
			name = MainStoryboard_iPad.storyboard;
			sourceTree = "<group>";
		};
/* End PBXVariantGroup section */

/* Begin XCBuildConfiguration section */
		F97DF9461B4147F200B310FB /* Debug */ = {
			isa = XCBuildConfiguration;
			buildSettings = {
				ASSETCATALOG_COMPILER_APPICON_NAME = AppIcon;
				CLANG_CXX_LANGUAGE_STANDARD = "gnu++0x";
				CLANG_CXX_LIBRARY = "libc++";
				CLANG_ENABLE_MODULES = YES;
				CLANG_WARN_DIRECT_OBJC_ISA_USAGE = YES_ERROR;
				CLANG_WARN_OBJC_ROOT_CLASS = YES_ERROR;
				DEBUG_INFORMATION_FORMAT = "dwarf-with-dsym";
				GCC_PREPROCESSOR_DEFINITIONS = (
					"DEBUG=1",
					"$(inherited)",
				);
				GCC_WARN_ABOUT_RETURN_TYPE = YES_ERROR;
				GCC_WARN_UNINITIALIZED_AUTOS = YES_AGGRESSIVE;
				GCC_WARN_UNUSED_VARIABLE = YES;
				INFOPLIST_FILE = RTMPPhotoPublisher/Info.plist;
				IPHONEOS_DEPLOYMENT_TARGET = 7.0;
				LD_RUNPATH_SEARCH_PATHS = "$(inherited) @executable_path/Frameworks";
				LIBRARY_SEARCH_PATHS = (
					"$(inherited)",
					"$(PROJECT_DIR)/lib/CommLibiOS",
					"$(PROJECT_DIR)/lib/MediaLibiOS",
					"$(PROJECT_DIR)/lib/libav-11.4/lib",
					"$(PROJECT_DIR)/lib/speex-1.2rc2/lib",
					"$(PROJECT_DIR)/lib/x264/lib",
				);
				MTL_ENABLE_DEBUG_INFO = YES;
				PRODUCT_BUNDLE_IDENTIFIER = "com.themidnightcoders.$(PRODUCT_NAME:rfc1034identifier)";
				PRODUCT_NAME = "$(TARGET_NAME)";
				VALID_ARCHS = "armv7 arm64 x86_64 i386";
			};
			name = Debug;
		};
		F97DF9471B4147F200B310FB /* Release */ = {
			isa = XCBuildConfiguration;
			buildSettings = {
				ASSETCATALOG_COMPILER_APPICON_NAME = AppIcon;
				CLANG_CXX_LANGUAGE_STANDARD = "gnu++0x";
				CLANG_CXX_LIBRARY = "libc++";
				CLANG_ENABLE_MODULES = YES;
				CLANG_WARN_DIRECT_OBJC_ISA_USAGE = YES_ERROR;
				CLANG_WARN_OBJC_ROOT_CLASS = YES_ERROR;
				COPY_PHASE_STRIP = NO;
				DEBUG_INFORMATION_FORMAT = "dwarf-with-dsym";
				ENABLE_NS_ASSERTIONS = NO;
				GCC_WARN_ABOUT_RETURN_TYPE = YES_ERROR;
				GCC_WARN_UNINITIALIZED_AUTOS = YES_AGGRESSIVE;
				GCC_WARN_UNUSED_VARIABLE = YES;
				INFOPLIST_FILE = RTMPPhotoPublisher/Info.plist;
				IPHONEOS_DEPLOYMENT_TARGET = 7.0;
				LD_RUNPATH_SEARCH_PATHS = "$(inherited) @executable_path/Frameworks";
				LIBRARY_SEARCH_PATHS = (
					"$(inherited)",
					"$(PROJECT_DIR)/lib/CommLibiOS",
					"$(PROJECT_DIR)/lib/MediaLibiOS",
					"$(PROJECT_DIR)/lib/libav-11.4/lib",
					"$(PROJECT_DIR)/lib/speex-1.2rc2/lib",
					"$(PROJECT_DIR)/lib/x264/lib",
				);
				MTL_ENABLE_DEBUG_INFO = NO;
				PRODUCT_BUNDLE_IDENTIFIER = "com.themidnightcoders.$(PRODUCT_NAME:rfc1034identifier)";
				PRODUCT_NAME = "$(TARGET_NAME)";
				VALID_ARCHS = "armv7 arm64 x86_64 i386";
			};
			name = Release;
		};
		F988F2C315AD843C0083CB14 /* Debug */ = {
			isa = XCBuildConfiguration;
			buildSettings = {
				CLANG_ENABLE_OBJC_ARC = YES;
				CODE_SIGN_IDENTITY = "iPhone Developer";
				"CODE_SIGN_IDENTITY[sdk=iphoneos*]" = "iPhone Developer";
				GCC_PRECOMPILE_PREFIX_HEADER = YES;
				GCC_PREFIX_HEADER = "RTMPStreamPlayer/RTMPStreamPlayer-Prefix.pch";
				GCC_VERSION = com.apple.compilers.llvm.clang.1_0;
				GCC_WARN_UNINITIALIZED_AUTOS = YES;
				GCC_WARN_UNUSED_FUNCTION = NO;
				INFOPLIST_FILE = "RTMPStreamPlayer/RTMPStreamPlayer-Info.plist";
				IPHONEOS_DEPLOYMENT_TARGET = 7.0;
				LIBRARY_SEARCH_PATHS = (
					"$(inherited)",
					"$(PROJECT_DIR)/lib/CommLibiOS",
					"$(PROJECT_DIR)/lib/MediaLibiOS",
					"$(PROJECT_DIR)/lib/libav-11.4/lib",
					"$(PROJECT_DIR)/lib/speex-1.2rc2/lib",
					"$(PROJECT_DIR)/lib/x264/lib",
				);
				ONLY_ACTIVE_ARCH = YES;
				OTHER_LDFLAGS = "";
				PRODUCT_BUNDLE_IDENTIFIER = "com.themidnightcoders.${PRODUCT_NAME:rfc1034identifier}";
				PRODUCT_NAME = "$(TARGET_NAME)";
				PROVISIONING_PROFILE = "";
				VALID_ARCHS = "armv7 arm64 x86_64 i386";
				WRAPPER_EXTENSION = app;
			};
			name = Debug;
		};
		F988F2C415AD843C0083CB14 /* Release */ = {
			isa = XCBuildConfiguration;
			buildSettings = {
				CLANG_ENABLE_OBJC_ARC = YES;
				CODE_SIGN_IDENTITY = "iPhone Developer";
				"CODE_SIGN_IDENTITY[sdk=iphoneos*]" = "iPhone Developer";
				GCC_PRECOMPILE_PREFIX_HEADER = YES;
				GCC_PREFIX_HEADER = "RTMPStreamPlayer/RTMPStreamPlayer-Prefix.pch";
				GCC_VERSION = com.apple.compilers.llvm.clang.1_0;
				GCC_WARN_UNINITIALIZED_AUTOS = YES;
				GCC_WARN_UNUSED_FUNCTION = NO;
				INFOPLIST_FILE = "RTMPStreamPlayer/RTMPStreamPlayer-Info.plist";
				IPHONEOS_DEPLOYMENT_TARGET = 7.0;
				LIBRARY_SEARCH_PATHS = (
					"$(inherited)",
					"$(PROJECT_DIR)/lib/CommLibiOS",
					"$(PROJECT_DIR)/lib/MediaLibiOS",
					"$(PROJECT_DIR)/lib/libav-11.4/lib",
					"$(PROJECT_DIR)/lib/speex-1.2rc2/lib",
					"$(PROJECT_DIR)/lib/x264/lib",
				);
				ONLY_ACTIVE_ARCH = YES;
				OTHER_LDFLAGS = "";
				PRODUCT_BUNDLE_IDENTIFIER = "com.themidnightcoders.${PRODUCT_NAME:rfc1034identifier}";
				PRODUCT_NAME = "$(TARGET_NAME)";
				PROVISIONING_PROFILE = "";
				VALID_ARCHS = "armv7 arm64 x86_64 i386";
				WRAPPER_EXTENSION = app;
			};
			name = Release;
		};
		F9BBFA4014A49BA700C5B39B /* Debug */ = {
			isa = XCBuildConfiguration;
			buildSettings = {
				ALWAYS_SEARCH_USER_PATHS = NO;
				CLANG_ENABLE_OBJC_ARC = YES;
				CLANG_WARN_BOOL_CONVERSION = YES;
				CLANG_WARN_CONSTANT_CONVERSION = YES;
				CLANG_WARN_EMPTY_BODY = YES;
				CLANG_WARN_ENUM_CONVERSION = YES;
				CLANG_WARN_INT_CONVERSION = YES;
				CLANG_WARN_UNREACHABLE_CODE = YES;
				CLANG_WARN__DUPLICATE_METHOD_MATCH = YES;
				"CODE_SIGN_IDENTITY[sdk=iphoneos*]" = "iPhone Developer";
				COPY_PHASE_STRIP = NO;
				ENABLE_STRICT_OBJC_MSGSEND = YES;
				ENABLE_TESTABILITY = YES;
				GCC_C_LANGUAGE_STANDARD = gnu99;
				GCC_DYNAMIC_NO_PIC = NO;
				GCC_NO_COMMON_BLOCKS = YES;
				GCC_OPTIMIZATION_LEVEL = 0;
				GCC_PREPROCESSOR_DEFINITIONS = (
					"DEBUG=1",
					"$(inherited)",
				);
				GCC_SYMBOLS_PRIVATE_EXTERN = NO;
				GCC_VERSION = com.apple.compilers.llvm.clang.1_0;
				GCC_WARN_64_TO_32_BIT_CONVERSION = YES;
				GCC_WARN_ABOUT_MISSING_PROTOTYPES = YES;
				GCC_WARN_ABOUT_RETURN_TYPE = YES;
				GCC_WARN_UNDECLARED_SELECTOR = YES;
				GCC_WARN_UNINITIALIZED_AUTOS = YES;
				GCC_WARN_UNUSED_FUNCTION = YES;
				GCC_WARN_UNUSED_VARIABLE = NO;
				IPHONEOS_DEPLOYMENT_TARGET = 6.0;
				ONLY_ACTIVE_ARCH = YES;
				SDKROOT = iphoneos;
				TARGETED_DEVICE_FAMILY = "1,2";
				VALID_ARCHS = "i386 x86_64 armv7 armv7s arm64";
			};
			name = Debug;
		};
		F9BBFA4114A49BA700C5B39B /* Release */ = {
			isa = XCBuildConfiguration;
			buildSettings = {
				ALWAYS_SEARCH_USER_PATHS = NO;
				CLANG_ENABLE_OBJC_ARC = YES;
				CLANG_WARN_BOOL_CONVERSION = YES;
				CLANG_WARN_CONSTANT_CONVERSION = YES;
				CLANG_WARN_EMPTY_BODY = YES;
				CLANG_WARN_ENUM_CONVERSION = YES;
				CLANG_WARN_INT_CONVERSION = YES;
				CLANG_WARN_UNREACHABLE_CODE = YES;
				CLANG_WARN__DUPLICATE_METHOD_MATCH = YES;
				"CODE_SIGN_IDENTITY[sdk=iphoneos*]" = "iPhone Developer";
				COPY_PHASE_STRIP = NO;
				ENABLE_STRICT_OBJC_MSGSEND = YES;
				GCC_C_LANGUAGE_STANDARD = gnu99;
				GCC_NO_COMMON_BLOCKS = YES;
				GCC_OPTIMIZATION_LEVEL = 0;
				GCC_VERSION = com.apple.compilers.llvm.clang.1_0;
				GCC_WARN_64_TO_32_BIT_CONVERSION = YES;
				GCC_WARN_ABOUT_MISSING_PROTOTYPES = YES;
				GCC_WARN_ABOUT_RETURN_TYPE = YES;
				GCC_WARN_UNDECLARED_SELECTOR = YES;
				GCC_WARN_UNINITIALIZED_AUTOS = YES;
				GCC_WARN_UNUSED_FUNCTION = YES;
				GCC_WARN_UNUSED_VARIABLE = NO;
				IPHONEOS_DEPLOYMENT_TARGET = 6.0;
				OTHER_CFLAGS = "-DNS_BLOCK_ASSERTIONS=1";
				SDKROOT = iphoneos;
				TARGETED_DEVICE_FAMILY = "1,2";
				VALIDATE_PRODUCT = YES;
				VALID_ARCHS = "i386 x86_64 armv7 armv7s arm64";
			};
			name = Release;
		};
		F9F6993A15AC5D01004B6F37 /* Debug */ = {
			isa = XCBuildConfiguration;
			buildSettings = {
				CODE_SIGN_IDENTITY = "iPhone Developer";
				"CODE_SIGN_IDENTITY[sdk=iphoneos*]" = "iPhone Developer";
				GCC_PRECOMPILE_PREFIX_HEADER = YES;
				GCC_PREFIX_HEADER = "RTMPStreamPublisher/RTMPStreamPublisher-Prefix.pch";
				GCC_WARN_UNINITIALIZED_AUTOS = YES;
				GCC_WARN_UNUSED_FUNCTION = NO;
				INFOPLIST_FILE = "RTMPStreamPublisher/RTMPStreamPublisher-Info.plist";
				IPHONEOS_DEPLOYMENT_TARGET = 7.0;
				LIBRARY_SEARCH_PATHS = (
					"$(inherited)",
					"$(PROJECT_DIR)/lib/CommLibiOS",
					"$(PROJECT_DIR)/lib/MediaLibiOS",
					"$(PROJECT_DIR)/lib/libav-11.4/lib",
					"$(PROJECT_DIR)/lib/speex-1.2rc2/lib",
					"$(PROJECT_DIR)/lib/x264/lib",
				);
				ONLY_ACTIVE_ARCH = YES;
				OTHER_LDFLAGS = "";
				PRODUCT_BUNDLE_IDENTIFIER = com.themidnightcoders.RTMPStreamPublisher;
				PRODUCT_NAME = "$(TARGET_NAME)";
				PROVISIONING_PROFILE = "";
				VALID_ARCHS = "armv7 arm64 x86_64 i386";
				WRAPPER_EXTENSION = app;
			};
			name = Debug;
		};
		F9F6993B15AC5D01004B6F37 /* Release */ = {
			isa = XCBuildConfiguration;
			buildSettings = {
				CODE_SIGN_IDENTITY = "iPhone Developer";
				"CODE_SIGN_IDENTITY[sdk=iphoneos*]" = "iPhone Developer";
				GCC_PRECOMPILE_PREFIX_HEADER = YES;
				GCC_PREFIX_HEADER = "RTMPStreamPublisher/RTMPStreamPublisher-Prefix.pch";
				GCC_WARN_UNINITIALIZED_AUTOS = YES;
				GCC_WARN_UNUSED_FUNCTION = NO;
				INFOPLIST_FILE = "RTMPStreamPublisher/RTMPStreamPublisher-Info.plist";
				IPHONEOS_DEPLOYMENT_TARGET = 7.0;
				LIBRARY_SEARCH_PATHS = (
					"$(inherited)",
					"$(PROJECT_DIR)/lib/CommLibiOS",
					"$(PROJECT_DIR)/lib/MediaLibiOS",
					"$(PROJECT_DIR)/lib/libav-11.4/lib",
					"$(PROJECT_DIR)/lib/speex-1.2rc2/lib",
					"$(PROJECT_DIR)/lib/x264/lib",
				);
				ONLY_ACTIVE_ARCH = YES;
				OTHER_LDFLAGS = "";
				PRODUCT_BUNDLE_IDENTIFIER = com.themidnightcoders.RTMPStreamPublisher;
				PRODUCT_NAME = "$(TARGET_NAME)";
				PROVISIONING_PROFILE = "";
				VALID_ARCHS = "armv7 arm64 x86_64 i386";
				WRAPPER_EXTENSION = app;
			};
			name = Release;
		};
		F9F7033C1652641D004FCA9B /* Debug */ = {
			isa = XCBuildConfiguration;
			buildSettings = {
				CLANG_CXX_LANGUAGE_STANDARD = "gnu++0x";
				CLANG_CXX_LIBRARY = "libc++";
				CLANG_WARN_EMPTY_BODY = YES;
				CLANG_WARN__DUPLICATE_METHOD_MATCH = YES;
				CODE_SIGN_IDENTITY = "iPhone Developer";
				"CODE_SIGN_IDENTITY[sdk=iphoneos*]" = "iPhone Developer";
				GCC_PRECOMPILE_PREFIX_HEADER = YES;
				GCC_PREFIX_HEADER = "RTMPStreamComeback/RTMPStreamComeback-Prefix.pch";
				GCC_WARN_UNINITIALIZED_AUTOS = YES;
				GCC_WARN_UNUSED_FUNCTION = NO;
				INFOPLIST_FILE = "RTMPStreamComeback/RTMPStreamComeback-Info.plist";
				IPHONEOS_DEPLOYMENT_TARGET = 7.0;
				LIBRARY_SEARCH_PATHS = (
					"$(inherited)",
					"$(PROJECT_DIR)/lib/CommLibiOS",
					"$(PROJECT_DIR)/lib/MediaLibiOS",
					"$(PROJECT_DIR)/lib/libav-11.4/lib",
					"$(PROJECT_DIR)/lib/speex-1.2rc2/lib",
					"$(PROJECT_DIR)/lib/x264/lib",
				);
				ONLY_ACTIVE_ARCH = YES;
				OTHER_LDFLAGS = "";
				PRODUCT_BUNDLE_IDENTIFIER = "com.themidnightcoders.${PRODUCT_NAME:rfc1034identifier}";
				PRODUCT_NAME = "$(TARGET_NAME)";
				PROVISIONING_PROFILE = "";
				VALID_ARCHS = "armv7 arm64 x86_64 i386";
				WRAPPER_EXTENSION = app;
			};
			name = Debug;
		};
		F9F7033D1652641D004FCA9B /* Release */ = {
			isa = XCBuildConfiguration;
			buildSettings = {
				CLANG_CXX_LANGUAGE_STANDARD = "gnu++0x";
				CLANG_CXX_LIBRARY = "libc++";
				CLANG_WARN_EMPTY_BODY = YES;
				CLANG_WARN__DUPLICATE_METHOD_MATCH = YES;
				CODE_SIGN_IDENTITY = "iPhone Developer";
				"CODE_SIGN_IDENTITY[sdk=iphoneos*]" = "iPhone Developer";
				GCC_PRECOMPILE_PREFIX_HEADER = YES;
				GCC_PREFIX_HEADER = "RTMPStreamComeback/RTMPStreamComeback-Prefix.pch";
				GCC_WARN_UNINITIALIZED_AUTOS = YES;
				GCC_WARN_UNUSED_FUNCTION = NO;
				INFOPLIST_FILE = "RTMPStreamComeback/RTMPStreamComeback-Info.plist";
				IPHONEOS_DEPLOYMENT_TARGET = 7.0;
				LIBRARY_SEARCH_PATHS = (
					"$(inherited)",
					"$(PROJECT_DIR)/lib/CommLibiOS",
					"$(PROJECT_DIR)/lib/MediaLibiOS",
					"$(PROJECT_DIR)/lib/libav-11.4/lib",
					"$(PROJECT_DIR)/lib/speex-1.2rc2/lib",
					"$(PROJECT_DIR)/lib/x264/lib",
				);
				ONLY_ACTIVE_ARCH = YES;
				OTHER_LDFLAGS = "";
				PRODUCT_BUNDLE_IDENTIFIER = "com.themidnightcoders.${PRODUCT_NAME:rfc1034identifier}";
				PRODUCT_NAME = "$(TARGET_NAME)";
				PROVISIONING_PROFILE = "";
				VALID_ARCHS = "armv7 arm64 x86_64 i386";
				WRAPPER_EXTENSION = app;
			};
			name = Release;
		};
/* End XCBuildConfiguration section */

/* Begin XCConfigurationList section */
		F97DF94A1B4147F200B310FB /* Build configuration list for PBXNativeTarget "RTMPPhotoPublisher" */ = {
			isa = XCConfigurationList;
			buildConfigurations = (
				F97DF9461B4147F200B310FB /* Debug */,
				F97DF9471B4147F200B310FB /* Release */,
			);
			defaultConfigurationIsVisible = 0;
			defaultConfigurationName = Release;
		};
		F988F2C215AD843C0083CB14 /* Build configuration list for PBXNativeTarget "RTMPStreamPlayer" */ = {
			isa = XCConfigurationList;
			buildConfigurations = (
				F988F2C315AD843C0083CB14 /* Debug */,
				F988F2C415AD843C0083CB14 /* Release */,
			);
			defaultConfigurationIsVisible = 0;
			defaultConfigurationName = Release;
		};
		F9BBFA1B14A49BA500C5B39B /* Build configuration list for PBXProject "MediaLibDemos" */ = {
			isa = XCConfigurationList;
			buildConfigurations = (
				F9BBFA4014A49BA700C5B39B /* Debug */,
				F9BBFA4114A49BA700C5B39B /* Release */,
			);
			defaultConfigurationIsVisible = 0;
			defaultConfigurationName = Release;
		};
		F9F6993C15AC5D01004B6F37 /* Build configuration list for PBXNativeTarget "RTMPStreamPublisher" */ = {
			isa = XCConfigurationList;
			buildConfigurations = (
				F9F6993A15AC5D01004B6F37 /* Debug */,
				F9F6993B15AC5D01004B6F37 /* Release */,
			);
			defaultConfigurationIsVisible = 0;
			defaultConfigurationName = Release;
		};
		F9F7033E1652641D004FCA9B /* Build configuration list for PBXNativeTarget "RTMPStreamComeback" */ = {
			isa = XCConfigurationList;
			buildConfigurations = (
				F9F7033C1652641D004FCA9B /* Debug */,
				F9F7033D1652641D004FCA9B /* Release */,
			);
			defaultConfigurationIsVisible = 0;
			defaultConfigurationName = Release;
		};
/* End XCConfigurationList section */
	};
	rootObject = F9BBFA1814A49BA500C5B39B /* Project object */;
}
